
Microsoft Visual Studio Solution File, Format Version 12.00
# Visual Studio Version 16
VisualStudioVersion = 16.0.30413.136
MinimumVisualStudioVersion = 10.0.40219.1
Project("{FAE04EC0-301F-11D3-BF4B-00C04F79EFBC}") = "ASC.Files.Tests", "..\products\ASC.Files\ASC.Files.Tests\ASC.Files.Tests.csproj", "{6A11CC13-2132-4EDE-A159-4F56238809EE}"
EndProject
Global
	GlobalSection(SolutionConfigurationPlatforms) = preSolution
		Debug|Any CPU = Debug|Any CPU
		Release|Any CPU = Release|Any CPU
	EndGlobalSection
	GlobalSection(ProjectConfigurationPlatforms) = postSolution
		{6A11CC13-2132-4EDE-A159-4F56238809EE}.Debug|Any CPU.ActiveCfg = Debug|Any CPU
		{6A11CC13-2132-4EDE-A159-4F56238809EE}.Debug|Any CPU.Build.0 = Debug|Any CPU
		{6A11CC13-2132-4EDE-A159-4F56238809EE}.Release|Any CPU.ActiveCfg = Release|Any CPU
		{6A11CC13-2132-4EDE-A159-4F56238809EE}.Release|Any CPU.Build.0 = Release|Any CPU
	EndGlobalSection
	GlobalSection(SolutionProperties) = preSolution
		HideSolutionNode = FALSE
	EndGlobalSection
	GlobalSection(ExtensibilityGlobals) = postSolution
		SolutionGuid = {73201867-1BA9-4F5E-AA69-AFA74662FFFC}
	EndGlobalSection
EndGlobal
