
Microsoft Visual Studio Solution File, Format Version 12.00
# Visual Studio Version 16
VisualStudioVersion = 16.0.30413.136
MinimumVisualStudioVersion = 10.0.40219.1
Project("{9A19103F-16F7-4668-BE54-9A1E7A4F7556}") = "ASC.Files.Tests", "products\ASC.Files\Tests\ASC.Files.Tests.csproj", "{EFB99A37-EF25-4A0F-8D7A-786402B1554C}"
EndProject
Project("{9A19103F-16F7-4668-BE54-9A1E7A4F7556}") = "ASC.Api.Core", "common\ASC.Api.Core\ASC.Api.Core.csproj", "{CAA6EED2-094A-42AE-81B6-3FDF142EC277}"
EndProject
Project("{9A19103F-16F7-4668-BE54-9A1E7A4F7556}") = "ASC.Common", "common\ASC.Common\ASC.Common.csproj", "{19FFE246-4270-41A6-AA8D-FB961715FB21}"
EndProject
Project("{9A19103F-16F7-4668-BE54-9A1E7A4F7556}") = "ASC.Core.Common", "common\ASC.Core.Common\ASC.Core.Common.csproj", "{A51D0454-4AFA-46DE-89D4-B03D37E1816C}"
EndProject
Project("{9A19103F-16F7-4668-BE54-9A1E7A4F7556}") = "ASC.Data.Storage", "common\ASC.Data.Storage\ASC.Data.Storage.csproj", "{D7F459CE-9EAF-423A-B3DC-EFD107007BCE}"
EndProject
Project("{9A19103F-16F7-4668-BE54-9A1E7A4F7556}") = "ASC.FederatedLogin", "common\ASC.FederatedLogin\ASC.FederatedLogin.csproj", "{484E9663-B9B7-40CA-B600-D5FDCD7CB862}"
EndProject
Project("{9A19103F-16F7-4668-BE54-9A1E7A4F7556}") = "ASC.MessagingSystem", "common\ASC.MessagingSystem\ASC.MessagingSystem.csproj", "{AB0EFA45-1DAF-42F4-9EE1-4A8EC497DE35}"
EndProject
Project("{9A19103F-16F7-4668-BE54-9A1E7A4F7556}") = "ASC.ElasticSearch", "common\services\ASC.ElasticSearch\ASC.ElasticSearch.csproj", "{AE1A0E06-6CD4-4E1D-8209-22BBBD6D5652}"
EndProject
Project("{9A19103F-16F7-4668-BE54-9A1E7A4F7556}") = "ASC.Files.Core", "products\ASC.Files\Core\ASC.Files.Core.csproj", "{C277388C-E19E-4A62-A895-8AAB322A4004}"
EndProject
Project("{9A19103F-16F7-4668-BE54-9A1E7A4F7556}") = "ASC.Files", "products\ASC.Files\Server\ASC.Files.csproj", "{77BA2F61-6155-4283-BB39-F8E42F46A0B0}"
EndProject
Project("{9A19103F-16F7-4668-BE54-9A1E7A4F7556}") = "ASC.People", "products\ASC.People\Server\ASC.People.csproj", "{DB492BA0-B072-4056-8A3D-032CD108CD82}"
EndProject
Project("{9A19103F-16F7-4668-BE54-9A1E7A4F7556}") = "ASC.Web.Core", "web\ASC.Web.Core\ASC.Web.Core.csproj", "{9A703423-594E-4851-8A0D-FF582BAF9FC9}"
EndProject
Global
	GlobalSection(SolutionConfigurationPlatforms) = preSolution
		Debug|Any CPU = Debug|Any CPU
		Release|Any CPU = Release|Any CPU
	EndGlobalSection
	GlobalSection(ProjectConfigurationPlatforms) = postSolution
		{EFB99A37-EF25-4A0F-8D7A-786402B1554C}.Debug|Any CPU.ActiveCfg = Debug|Any CPU
		{EFB99A37-EF25-4A0F-8D7A-786402B1554C}.Debug|Any CPU.Build.0 = Debug|Any CPU
		{EFB99A37-EF25-4A0F-8D7A-786402B1554C}.Release|Any CPU.ActiveCfg = Release|Any CPU
		{EFB99A37-EF25-4A0F-8D7A-786402B1554C}.Release|Any CPU.Build.0 = Release|Any CPU
		{CAA6EED2-094A-42AE-81B6-3FDF142EC277}.Debug|Any CPU.ActiveCfg = Debug|Any CPU
		{CAA6EED2-094A-42AE-81B6-3FDF142EC277}.Debug|Any CPU.Build.0 = Debug|Any CPU
		{CAA6EED2-094A-42AE-81B6-3FDF142EC277}.Release|Any CPU.ActiveCfg = Release|Any CPU
		{CAA6EED2-094A-42AE-81B6-3FDF142EC277}.Release|Any CPU.Build.0 = Release|Any CPU
		{19FFE246-4270-41A6-AA8D-FB961715FB21}.Debug|Any CPU.ActiveCfg = Debug|Any CPU
		{19FFE246-4270-41A6-AA8D-FB961715FB21}.Debug|Any CPU.Build.0 = Debug|Any CPU
		{19FFE246-4270-41A6-AA8D-FB961715FB21}.Release|Any CPU.ActiveCfg = Release|Any CPU
		{19FFE246-4270-41A6-AA8D-FB961715FB21}.Release|Any CPU.Build.0 = Release|Any CPU
		{A51D0454-4AFA-46DE-89D4-B03D37E1816C}.Debug|Any CPU.ActiveCfg = Debug|Any CPU
		{A51D0454-4AFA-46DE-89D4-B03D37E1816C}.Debug|Any CPU.Build.0 = Debug|Any CPU
		{A51D0454-4AFA-46DE-89D4-B03D37E1816C}.Release|Any CPU.ActiveCfg = Release|Any CPU
		{A51D0454-4AFA-46DE-89D4-B03D37E1816C}.Release|Any CPU.Build.0 = Release|Any CPU
		{D7F459CE-9EAF-423A-B3DC-EFD107007BCE}.Debug|Any CPU.ActiveCfg = Debug|Any CPU
		{D7F459CE-9EAF-423A-B3DC-EFD107007BCE}.Debug|Any CPU.Build.0 = Debug|Any CPU
		{D7F459CE-9EAF-423A-B3DC-EFD107007BCE}.Release|Any CPU.ActiveCfg = Release|Any CPU
		{D7F459CE-9EAF-423A-B3DC-EFD107007BCE}.Release|Any CPU.Build.0 = Release|Any CPU
		{484E9663-B9B7-40CA-B600-D5FDCD7CB862}.Debug|Any CPU.ActiveCfg = Debug|Any CPU
		{484E9663-B9B7-40CA-B600-D5FDCD7CB862}.Debug|Any CPU.Build.0 = Debug|Any CPU
		{484E9663-B9B7-40CA-B600-D5FDCD7CB862}.Release|Any CPU.ActiveCfg = Release|Any CPU
		{484E9663-B9B7-40CA-B600-D5FDCD7CB862}.Release|Any CPU.Build.0 = Release|Any CPU
		{AB0EFA45-1DAF-42F4-9EE1-4A8EC497DE35}.Debug|Any CPU.ActiveCfg = Debug|Any CPU
		{AB0EFA45-1DAF-42F4-9EE1-4A8EC497DE35}.Debug|Any CPU.Build.0 = Debug|Any CPU
		{AB0EFA45-1DAF-42F4-9EE1-4A8EC497DE35}.Release|Any CPU.ActiveCfg = Release|Any CPU
		{AB0EFA45-1DAF-42F4-9EE1-4A8EC497DE35}.Release|Any CPU.Build.0 = Release|Any CPU
		{AE1A0E06-6CD4-4E1D-8209-22BBBD6D5652}.Debug|Any CPU.ActiveCfg = Debug|Any CPU
		{AE1A0E06-6CD4-4E1D-8209-22BBBD6D5652}.Debug|Any CPU.Build.0 = Debug|Any CPU
		{AE1A0E06-6CD4-4E1D-8209-22BBBD6D5652}.Release|Any CPU.ActiveCfg = Release|Any CPU
		{AE1A0E06-6CD4-4E1D-8209-22BBBD6D5652}.Release|Any CPU.Build.0 = Release|Any CPU
		{C277388C-E19E-4A62-A895-8AAB322A4004}.Debug|Any CPU.ActiveCfg = Debug|Any CPU
		{C277388C-E19E-4A62-A895-8AAB322A4004}.Debug|Any CPU.Build.0 = Debug|Any CPU
		{C277388C-E19E-4A62-A895-8AAB322A4004}.Release|Any CPU.ActiveCfg = Release|Any CPU
		{C277388C-E19E-4A62-A895-8AAB322A4004}.Release|Any CPU.Build.0 = Release|Any CPU
		{77BA2F61-6155-4283-BB39-F8E42F46A0B0}.Debug|Any CPU.ActiveCfg = Debug|Any CPU
		{77BA2F61-6155-4283-BB39-F8E42F46A0B0}.Debug|Any CPU.Build.0 = Debug|Any CPU
		{77BA2F61-6155-4283-BB39-F8E42F46A0B0}.Release|Any CPU.ActiveCfg = Release|Any CPU
		{77BA2F61-6155-4283-BB39-F8E42F46A0B0}.Release|Any CPU.Build.0 = Release|Any CPU
		{DB492BA0-B072-4056-8A3D-032CD108CD82}.Debug|Any CPU.ActiveCfg = Debug|Any CPU
		{DB492BA0-B072-4056-8A3D-032CD108CD82}.Debug|Any CPU.Build.0 = Debug|Any CPU
		{DB492BA0-B072-4056-8A3D-032CD108CD82}.Release|Any CPU.ActiveCfg = Release|Any CPU
		{DB492BA0-B072-4056-8A3D-032CD108CD82}.Release|Any CPU.Build.0 = Release|Any CPU
		{9A703423-594E-4851-8A0D-FF582BAF9FC9}.Debug|Any CPU.ActiveCfg = Debug|Any CPU
		{9A703423-594E-4851-8A0D-FF582BAF9FC9}.Debug|Any CPU.Build.0 = Debug|Any CPU
		{9A703423-594E-4851-8A0D-FF582BAF9FC9}.Release|Any CPU.ActiveCfg = Release|Any CPU
		{9A703423-594E-4851-8A0D-FF582BAF9FC9}.Release|Any CPU.Build.0 = Release|Any CPU
	EndGlobalSection
	GlobalSection(SolutionProperties) = preSolution
		HideSolutionNode = FALSE
	EndGlobalSection
	GlobalSection(ExtensibilityGlobals) = postSolution
		SolutionGuid = {73201867-1BA9-4F5E-AA69-AFA74662FFFC}
	EndGlobalSection
EndGlobal
