
Microsoft Visual Studio Solution File, Format Version 12.00
# Visual Studio Version 17
VisualStudioVersion = 17.0.31903.59
MinimumVisualStudioVersion = 10.0.40219.1
Project("{9A19103F-16F7-4668-BE54-9A1E7A4F7556}") = "ASC.Files.Tests", "products\ASC.Files\Tests\ASC.Files.Tests.csproj", "{EFB99A37-EF25-4A0F-8D7A-786402B1554C}"
EndProject
Project("{9A19103F-16F7-4668-BE54-9A1E7A4F7556}") = "ASC.Api.Core", "common\ASC.Api.Core\ASC.Api.Core.csproj", "{CAA6EED2-094A-42AE-81B6-3FDF142EC277}"
EndProject
Project("{9A19103F-16F7-4668-BE54-9A1E7A4F7556}") = "ASC.Common", "common\ASC.Common\ASC.Common.csproj", "{19FFE246-4270-41A6-AA8D-FB961715FB21}"
EndProject
Project("{9A19103F-16F7-4668-BE54-9A1E7A4F7556}") = "ASC.Core.Common", "common\ASC.Core.Common\ASC.Core.Common.csproj", "{A51D0454-4AFA-46DE-89D4-B03D37E1816C}"
EndProject
Project("{9A19103F-16F7-4668-BE54-9A1E7A4F7556}") = "ASC.Data.Storage", "common\ASC.Data.Storage\ASC.Data.Storage.csproj", "{D7F459CE-9EAF-423A-B3DC-EFD107007BCE}"
EndProject
Project("{9A19103F-16F7-4668-BE54-9A1E7A4F7556}") = "ASC.FederatedLogin", "common\ASC.FederatedLogin\ASC.FederatedLogin.csproj", "{484E9663-B9B7-40CA-B600-D5FDCD7CB862}"
EndProject
Project("{9A19103F-16F7-4668-BE54-9A1E7A4F7556}") = "ASC.MessagingSystem", "common\ASC.MessagingSystem\ASC.MessagingSystem.csproj", "{AB0EFA45-1DAF-42F4-9EE1-4A8EC497DE35}"
EndProject
Project("{9A19103F-16F7-4668-BE54-9A1E7A4F7556}") = "ASC.ElasticSearch", "common\services\ASC.ElasticSearch\ASC.ElasticSearch.csproj", "{AE1A0E06-6CD4-4E1D-8209-22BBBD6D5652}"
EndProject
Project("{9A19103F-16F7-4668-BE54-9A1E7A4F7556}") = "ASC.Files.Core", "products\ASC.Files\Core\ASC.Files.Core.csproj", "{C277388C-E19E-4A62-A895-8AAB322A4004}"
EndProject
Project("{9A19103F-16F7-4668-BE54-9A1E7A4F7556}") = "ASC.Files", "products\ASC.Files\Server\ASC.Files.csproj", "{77BA2F61-6155-4283-BB39-F8E42F46A0B0}"
EndProject
Project("{9A19103F-16F7-4668-BE54-9A1E7A4F7556}") = "ASC.People", "products\ASC.People\Server\ASC.People.csproj", "{DB492BA0-B072-4056-8A3D-032CD108CD82}"
EndProject
Project("{9A19103F-16F7-4668-BE54-9A1E7A4F7556}") = "ASC.Web.Core", "web\ASC.Web.Core\ASC.Web.Core.csproj", "{9A703423-594E-4851-8A0D-FF582BAF9FC9}"
EndProject
Project("{9A19103F-16F7-4668-BE54-9A1E7A4F7556}") = "ASC.Data.Reassigns", "common\ASC.Data.Reassigns\ASC.Data.Reassigns.csproj", "{8682FCD3-C5C5-4946-99FA-B900E9CB68C3}"
EndProject
Project("{9A19103F-16F7-4668-BE54-9A1E7A4F7556}") = "ASC.Feed", "common\ASC.Feed\ASC.Feed.csproj", "{5A0DF88C-45C8-4FE2-8144-88E8AC8B7C45}"
EndProject
Project("{9A19103F-16F7-4668-BE54-9A1E7A4F7556}") = "ASC.IPSecurity", "common\ASC.IPSecurity\ASC.IPSecurity.csproj", "{5E5496B5-5686-4415-B3E0-5F61FCD146A3}"
EndProject
Project("{9A19103F-16F7-4668-BE54-9A1E7A4F7556}") = "ASC.Notify.Textile", "common\ASC.Notify.Textile\ASC.Notify.Textile.csproj", "{5FE0EDA2-1FD7-4D43-885E-DBDD858DCC86}"
EndProject
Project("{9A19103F-16F7-4668-BE54-9A1E7A4F7556}") = "ASC.Textile", "common\ASC.Textile\ASC.Textile.csproj", "{1A82BE07-0836-4620-A95D-C6D1E9327589}"
EndProject
Project("{9A19103F-16F7-4668-BE54-9A1E7A4F7556}") = "ASC.VoipService", "common\ASC.VoipService\ASC.VoipService.csproj", "{664031A4-1652-4B68-8168-FD18998700EE}"
EndProject
Project("{9A19103F-16F7-4668-BE54-9A1E7A4F7556}") = "ASC.Studio.Notify", "common\services\ASC.Studio.Notify\ASC.Studio.Notify.csproj", "{C024C35A-D0F0-42D6-86B2-64ABF7513C4A}"
EndProject
Project("{9A19103F-16F7-4668-BE54-9A1E7A4F7556}") = "ASC.Notify", "common\services\ASC.Notify\ASC.Notify.csproj", "{B30A0D35-7B32-4E13-9F37-B8BC59F839E5}"
EndProject
Project("{9A19103F-16F7-4668-BE54-9A1E7A4F7556}") = "ASC.Feed.Aggregator", "common\services\ASC.Feed.Aggregator\ASC.Feed.Aggregator.csproj", "{8ACDEBBD-12DD-43DC-86CF-D66E37528ACC}"
EndProject
Project("{9A19103F-16F7-4668-BE54-9A1E7A4F7556}") = "ASC.Data.Backup", "common\services\ASC.Data.Backup\ASC.Data.Backup.csproj", "{630E2649-71B6-4C07-A2FC-C0BC05D77A78}"
EndProject
Project("{9A19103F-16F7-4668-BE54-9A1E7A4F7556}") = "ASC.Web.Api", "web\ASC.Web.Api\ASC.Web.Api.csproj", "{D7C5E8A0-0A5E-4BC4-9946-B43D6682D421}"
EndProject
Project("{9A19103F-16F7-4668-BE54-9A1E7A4F7556}") = "ASC.Web.Studio", "web\ASC.Web.Studio\ASC.Web.Studio.csproj", "{9BF17F6E-04A9-4597-9273-21AD09600329}"
EndProject
Project("{9A19103F-16F7-4668-BE54-9A1E7A4F7556}") = "ASC.Common.Tests", "common\Tests\ASC.Common.Tests\ASC.Common.Tests.csproj", "{E6DEAA28-9A73-470A-8F17-3E72B1E8D208}"
EndProject
Project("{9A19103F-16F7-4668-BE54-9A1E7A4F7556}") = "ASC.Core.Common.Tests", "common\Tests\ASC.Core.Common.Tests\ASC.Core.Common.Tests.csproj", "{EF613F37-CFA9-4631-AA6E-512262FABC8E}"
EndProject
Project("{9A19103F-16F7-4668-BE54-9A1E7A4F7556}") = "ASC.Notify.Textile.Tests", "common\Tests\ASC.Notify.Textile.Tests\ASC.Notify.Textile.Tests.csproj", "{8FAD3D1B-3ADC-470C-9933-CAE1B95A8599}"
EndProject
Project("{9A19103F-16F7-4668-BE54-9A1E7A4F7556}") = "ASC.Webhooks.Core", "common\ASC.Webhooks.Core\ASC.Webhooks.Core.csproj", "{A0475D4F-29B7-490C-85C2-8AFD60118B35}"
EndProject
Project("{9A19103F-16F7-4668-BE54-9A1E7A4F7556}") = "ASC.Webhooks.Tests", "common\Tests\ASC.Webhooks.Tests\ASC.Webhooks.Tests.csproj", "{B48C0E24-EBEB-4AF9-891B-D28BB4A9461E}"
EndProject
Project("{9A19103F-16F7-4668-BE54-9A1E7A4F7556}") = "ASC.Webhooks.Service", "common\services\ASC.Webhooks.Service\ASC.Webhooks.Service.csproj", "{23310CB9-1A14-4ED5-BF81-8BD38277FEFE}"
EndProject
Project("{9A19103F-16F7-4668-BE54-9A1E7A4F7556}") = "ASC.Web.Api.Tests", "common\Tests\ASC.Web.Api.Tests\ASC.Web.Api.Tests.csproj", "{14823E93-C749-4069-9E0A-95E63DE0B254}"
EndProject
Project("{9A19103F-16F7-4668-BE54-9A1E7A4F7556}") = "ASC.Data.Backup.Core", "common\ASC.Data.Backup.Core\ASC.Data.Backup.Core.csproj", "{5E948877-52BD-42B9-95A9-0FF37931D0A5}"
EndProject
Project("{9A19103F-16F7-4668-BE54-9A1E7A4F7556}") = "ASC.Data.Encryption", "common\ASC.Data.Encryption\ASC.Data.Encryption.csproj", "{9E572FE2-8C3C-46B2-A314-532F7198B3EB}"
EndProject
Project("{9A19103F-16F7-4668-BE54-9A1E7A4F7556}") = "ASC.AuditTrail", "common\services\ASC.AuditTrail\ASC.AuditTrail.csproj", "{B53587B7-58F6-48A9-B122-69BEA3E2572A}"
EndProject
Project("{2150E333-8FDC-42A3-9474-1A3956D46DE8}") = "Solution Items", "Solution Items", "{BE86ABA2-8B71-4E0D-A2A6-3921E0467F09}"
	ProjectSection(SolutionItems) = preProject
		.editorconfig = .editorconfig
	EndProjectSection
EndProject
Project("{9A19103F-16F7-4668-BE54-9A1E7A4F7556}") = "ASC.Migrations.MySql", "migrations\mysql\ASC.Migrations.MySql.csproj", "{E81DC433-3555-4151-BDBC-16368A0FE14E}"
EndProject
Global
	GlobalSection(SolutionConfigurationPlatforms) = preSolution
		Debug|Any CPU = Debug|Any CPU
		Release|Any CPU = Release|Any CPU
	EndGlobalSection
	GlobalSection(ProjectConfigurationPlatforms) = postSolution
		{EFB99A37-EF25-4A0F-8D7A-786402B1554C}.Debug|Any CPU.ActiveCfg = Debug|Any CPU
		{EFB99A37-EF25-4A0F-8D7A-786402B1554C}.Debug|Any CPU.Build.0 = Debug|Any CPU
		{EFB99A37-EF25-4A0F-8D7A-786402B1554C}.Release|Any CPU.ActiveCfg = Release|Any CPU
		{EFB99A37-EF25-4A0F-8D7A-786402B1554C}.Release|Any CPU.Build.0 = Release|Any CPU
		{CAA6EED2-094A-42AE-81B6-3FDF142EC277}.Debug|Any CPU.ActiveCfg = Debug|Any CPU
		{CAA6EED2-094A-42AE-81B6-3FDF142EC277}.Debug|Any CPU.Build.0 = Debug|Any CPU
		{CAA6EED2-094A-42AE-81B6-3FDF142EC277}.Release|Any CPU.ActiveCfg = Release|Any CPU
		{CAA6EED2-094A-42AE-81B6-3FDF142EC277}.Release|Any CPU.Build.0 = Release|Any CPU
		{19FFE246-4270-41A6-AA8D-FB961715FB21}.Debug|Any CPU.ActiveCfg = Debug|Any CPU
		{19FFE246-4270-41A6-AA8D-FB961715FB21}.Debug|Any CPU.Build.0 = Debug|Any CPU
		{19FFE246-4270-41A6-AA8D-FB961715FB21}.Release|Any CPU.ActiveCfg = Release|Any CPU
		{19FFE246-4270-41A6-AA8D-FB961715FB21}.Release|Any CPU.Build.0 = Release|Any CPU
		{A51D0454-4AFA-46DE-89D4-B03D37E1816C}.Debug|Any CPU.ActiveCfg = Debug|Any CPU
		{A51D0454-4AFA-46DE-89D4-B03D37E1816C}.Debug|Any CPU.Build.0 = Debug|Any CPU
		{A51D0454-4AFA-46DE-89D4-B03D37E1816C}.Release|Any CPU.ActiveCfg = Release|Any CPU
		{A51D0454-4AFA-46DE-89D4-B03D37E1816C}.Release|Any CPU.Build.0 = Release|Any CPU
		{D7F459CE-9EAF-423A-B3DC-EFD107007BCE}.Debug|Any CPU.ActiveCfg = Debug|Any CPU
		{D7F459CE-9EAF-423A-B3DC-EFD107007BCE}.Debug|Any CPU.Build.0 = Debug|Any CPU
		{D7F459CE-9EAF-423A-B3DC-EFD107007BCE}.Release|Any CPU.ActiveCfg = Release|Any CPU
		{D7F459CE-9EAF-423A-B3DC-EFD107007BCE}.Release|Any CPU.Build.0 = Release|Any CPU
		{484E9663-B9B7-40CA-B600-D5FDCD7CB862}.Debug|Any CPU.ActiveCfg = Debug|Any CPU
		{484E9663-B9B7-40CA-B600-D5FDCD7CB862}.Debug|Any CPU.Build.0 = Debug|Any CPU
		{484E9663-B9B7-40CA-B600-D5FDCD7CB862}.Release|Any CPU.ActiveCfg = Release|Any CPU
		{484E9663-B9B7-40CA-B600-D5FDCD7CB862}.Release|Any CPU.Build.0 = Release|Any CPU
		{AB0EFA45-1DAF-42F4-9EE1-4A8EC497DE35}.Debug|Any CPU.ActiveCfg = Debug|Any CPU
		{AB0EFA45-1DAF-42F4-9EE1-4A8EC497DE35}.Debug|Any CPU.Build.0 = Debug|Any CPU
		{AB0EFA45-1DAF-42F4-9EE1-4A8EC497DE35}.Release|Any CPU.ActiveCfg = Release|Any CPU
		{AB0EFA45-1DAF-42F4-9EE1-4A8EC497DE35}.Release|Any CPU.Build.0 = Release|Any CPU
		{AE1A0E06-6CD4-4E1D-8209-22BBBD6D5652}.Debug|Any CPU.ActiveCfg = Debug|Any CPU
		{AE1A0E06-6CD4-4E1D-8209-22BBBD6D5652}.Debug|Any CPU.Build.0 = Debug|Any CPU
		{AE1A0E06-6CD4-4E1D-8209-22BBBD6D5652}.Release|Any CPU.ActiveCfg = Release|Any CPU
		{AE1A0E06-6CD4-4E1D-8209-22BBBD6D5652}.Release|Any CPU.Build.0 = Release|Any CPU
		{C277388C-E19E-4A62-A895-8AAB322A4004}.Debug|Any CPU.ActiveCfg = Debug|Any CPU
		{C277388C-E19E-4A62-A895-8AAB322A4004}.Debug|Any CPU.Build.0 = Debug|Any CPU
		{C277388C-E19E-4A62-A895-8AAB322A4004}.Release|Any CPU.ActiveCfg = Release|Any CPU
		{C277388C-E19E-4A62-A895-8AAB322A4004}.Release|Any CPU.Build.0 = Release|Any CPU
		{77BA2F61-6155-4283-BB39-F8E42F46A0B0}.Debug|Any CPU.ActiveCfg = Debug|Any CPU
		{77BA2F61-6155-4283-BB39-F8E42F46A0B0}.Debug|Any CPU.Build.0 = Debug|Any CPU
		{77BA2F61-6155-4283-BB39-F8E42F46A0B0}.Release|Any CPU.ActiveCfg = Release|Any CPU
		{77BA2F61-6155-4283-BB39-F8E42F46A0B0}.Release|Any CPU.Build.0 = Release|Any CPU
		{DB492BA0-B072-4056-8A3D-032CD108CD82}.Debug|Any CPU.ActiveCfg = Debug|Any CPU
		{DB492BA0-B072-4056-8A3D-032CD108CD82}.Debug|Any CPU.Build.0 = Debug|Any CPU
		{DB492BA0-B072-4056-8A3D-032CD108CD82}.Release|Any CPU.ActiveCfg = Release|Any CPU
		{DB492BA0-B072-4056-8A3D-032CD108CD82}.Release|Any CPU.Build.0 = Release|Any CPU
		{9A703423-594E-4851-8A0D-FF582BAF9FC9}.Debug|Any CPU.ActiveCfg = Debug|Any CPU
		{9A703423-594E-4851-8A0D-FF582BAF9FC9}.Debug|Any CPU.Build.0 = Debug|Any CPU
		{9A703423-594E-4851-8A0D-FF582BAF9FC9}.Release|Any CPU.ActiveCfg = Release|Any CPU
		{9A703423-594E-4851-8A0D-FF582BAF9FC9}.Release|Any CPU.Build.0 = Release|Any CPU
		{8682FCD3-C5C5-4946-99FA-B900E9CB68C3}.Debug|Any CPU.ActiveCfg = Debug|Any CPU
		{8682FCD3-C5C5-4946-99FA-B900E9CB68C3}.Debug|Any CPU.Build.0 = Debug|Any CPU
		{8682FCD3-C5C5-4946-99FA-B900E9CB68C3}.Release|Any CPU.ActiveCfg = Release|Any CPU
		{8682FCD3-C5C5-4946-99FA-B900E9CB68C3}.Release|Any CPU.Build.0 = Release|Any CPU
		{5A0DF88C-45C8-4FE2-8144-88E8AC8B7C45}.Debug|Any CPU.ActiveCfg = Debug|Any CPU
		{5A0DF88C-45C8-4FE2-8144-88E8AC8B7C45}.Debug|Any CPU.Build.0 = Debug|Any CPU
		{5A0DF88C-45C8-4FE2-8144-88E8AC8B7C45}.Release|Any CPU.ActiveCfg = Release|Any CPU
		{5A0DF88C-45C8-4FE2-8144-88E8AC8B7C45}.Release|Any CPU.Build.0 = Release|Any CPU
		{5E5496B5-5686-4415-B3E0-5F61FCD146A3}.Debug|Any CPU.ActiveCfg = Debug|Any CPU
		{5E5496B5-5686-4415-B3E0-5F61FCD146A3}.Debug|Any CPU.Build.0 = Debug|Any CPU
		{5E5496B5-5686-4415-B3E0-5F61FCD146A3}.Release|Any CPU.ActiveCfg = Release|Any CPU
		{5E5496B5-5686-4415-B3E0-5F61FCD146A3}.Release|Any CPU.Build.0 = Release|Any CPU
		{5FE0EDA2-1FD7-4D43-885E-DBDD858DCC86}.Debug|Any CPU.ActiveCfg = Debug|Any CPU
		{5FE0EDA2-1FD7-4D43-885E-DBDD858DCC86}.Debug|Any CPU.Build.0 = Debug|Any CPU
		{5FE0EDA2-1FD7-4D43-885E-DBDD858DCC86}.Release|Any CPU.ActiveCfg = Release|Any CPU
		{5FE0EDA2-1FD7-4D43-885E-DBDD858DCC86}.Release|Any CPU.Build.0 = Release|Any CPU
		{1A82BE07-0836-4620-A95D-C6D1E9327589}.Debug|Any CPU.ActiveCfg = Debug|Any CPU
		{1A82BE07-0836-4620-A95D-C6D1E9327589}.Debug|Any CPU.Build.0 = Debug|Any CPU
		{1A82BE07-0836-4620-A95D-C6D1E9327589}.Release|Any CPU.ActiveCfg = Release|Any CPU
		{1A82BE07-0836-4620-A95D-C6D1E9327589}.Release|Any CPU.Build.0 = Release|Any CPU
		{664031A4-1652-4B68-8168-FD18998700EE}.Debug|Any CPU.ActiveCfg = Debug|Any CPU
		{664031A4-1652-4B68-8168-FD18998700EE}.Debug|Any CPU.Build.0 = Debug|Any CPU
		{664031A4-1652-4B68-8168-FD18998700EE}.Release|Any CPU.ActiveCfg = Release|Any CPU
		{664031A4-1652-4B68-8168-FD18998700EE}.Release|Any CPU.Build.0 = Release|Any CPU
		{C024C35A-D0F0-42D6-86B2-64ABF7513C4A}.Debug|Any CPU.ActiveCfg = Debug|Any CPU
		{C024C35A-D0F0-42D6-86B2-64ABF7513C4A}.Debug|Any CPU.Build.0 = Debug|Any CPU
		{C024C35A-D0F0-42D6-86B2-64ABF7513C4A}.Release|Any CPU.ActiveCfg = Release|Any CPU
		{C024C35A-D0F0-42D6-86B2-64ABF7513C4A}.Release|Any CPU.Build.0 = Release|Any CPU
		{B30A0D35-7B32-4E13-9F37-B8BC59F839E5}.Debug|Any CPU.ActiveCfg = Debug|Any CPU
		{B30A0D35-7B32-4E13-9F37-B8BC59F839E5}.Debug|Any CPU.Build.0 = Debug|Any CPU
		{B30A0D35-7B32-4E13-9F37-B8BC59F839E5}.Release|Any CPU.ActiveCfg = Release|Any CPU
		{B30A0D35-7B32-4E13-9F37-B8BC59F839E5}.Release|Any CPU.Build.0 = Release|Any CPU
		{8ACDEBBD-12DD-43DC-86CF-D66E37528ACC}.Debug|Any CPU.ActiveCfg = Debug|Any CPU
		{8ACDEBBD-12DD-43DC-86CF-D66E37528ACC}.Debug|Any CPU.Build.0 = Debug|Any CPU
		{8ACDEBBD-12DD-43DC-86CF-D66E37528ACC}.Release|Any CPU.ActiveCfg = Release|Any CPU
		{8ACDEBBD-12DD-43DC-86CF-D66E37528ACC}.Release|Any CPU.Build.0 = Release|Any CPU
		{630E2649-71B6-4C07-A2FC-C0BC05D77A78}.Debug|Any CPU.ActiveCfg = Debug|Any CPU
		{630E2649-71B6-4C07-A2FC-C0BC05D77A78}.Debug|Any CPU.Build.0 = Debug|Any CPU
		{630E2649-71B6-4C07-A2FC-C0BC05D77A78}.Release|Any CPU.ActiveCfg = Release|Any CPU
		{630E2649-71B6-4C07-A2FC-C0BC05D77A78}.Release|Any CPU.Build.0 = Release|Any CPU
		{D7C5E8A0-0A5E-4BC4-9946-B43D6682D421}.Debug|Any CPU.ActiveCfg = Debug|Any CPU
		{D7C5E8A0-0A5E-4BC4-9946-B43D6682D421}.Debug|Any CPU.Build.0 = Debug|Any CPU
		{D7C5E8A0-0A5E-4BC4-9946-B43D6682D421}.Release|Any CPU.ActiveCfg = Release|Any CPU
		{D7C5E8A0-0A5E-4BC4-9946-B43D6682D421}.Release|Any CPU.Build.0 = Release|Any CPU
		{9BF17F6E-04A9-4597-9273-21AD09600329}.Debug|Any CPU.ActiveCfg = Debug|Any CPU
		{9BF17F6E-04A9-4597-9273-21AD09600329}.Debug|Any CPU.Build.0 = Debug|Any CPU
		{9BF17F6E-04A9-4597-9273-21AD09600329}.Release|Any CPU.ActiveCfg = Release|Any CPU
		{9BF17F6E-04A9-4597-9273-21AD09600329}.Release|Any CPU.Build.0 = Release|Any CPU
		{E6DEAA28-9A73-470A-8F17-3E72B1E8D208}.Debug|Any CPU.ActiveCfg = Debug|Any CPU
		{E6DEAA28-9A73-470A-8F17-3E72B1E8D208}.Debug|Any CPU.Build.0 = Debug|Any CPU
		{E6DEAA28-9A73-470A-8F17-3E72B1E8D208}.Release|Any CPU.ActiveCfg = Release|Any CPU
		{E6DEAA28-9A73-470A-8F17-3E72B1E8D208}.Release|Any CPU.Build.0 = Release|Any CPU
		{EF613F37-CFA9-4631-AA6E-512262FABC8E}.Debug|Any CPU.ActiveCfg = Debug|Any CPU
		{EF613F37-CFA9-4631-AA6E-512262FABC8E}.Debug|Any CPU.Build.0 = Debug|Any CPU
		{EF613F37-CFA9-4631-AA6E-512262FABC8E}.Release|Any CPU.ActiveCfg = Release|Any CPU
		{EF613F37-CFA9-4631-AA6E-512262FABC8E}.Release|Any CPU.Build.0 = Release|Any CPU
		{8FAD3D1B-3ADC-470C-9933-CAE1B95A8599}.Debug|Any CPU.ActiveCfg = Debug|Any CPU
		{8FAD3D1B-3ADC-470C-9933-CAE1B95A8599}.Debug|Any CPU.Build.0 = Debug|Any CPU
		{8FAD3D1B-3ADC-470C-9933-CAE1B95A8599}.Release|Any CPU.ActiveCfg = Release|Any CPU
		{8FAD3D1B-3ADC-470C-9933-CAE1B95A8599}.Release|Any CPU.Build.0 = Release|Any CPU
		{A0475D4F-29B7-490C-85C2-8AFD60118B35}.Debug|Any CPU.ActiveCfg = Debug|Any CPU
		{A0475D4F-29B7-490C-85C2-8AFD60118B35}.Debug|Any CPU.Build.0 = Debug|Any CPU
		{A0475D4F-29B7-490C-85C2-8AFD60118B35}.Release|Any CPU.ActiveCfg = Release|Any CPU
		{A0475D4F-29B7-490C-85C2-8AFD60118B35}.Release|Any CPU.Build.0 = Release|Any CPU
		{B48C0E24-EBEB-4AF9-891B-D28BB4A9461E}.Debug|Any CPU.ActiveCfg = Debug|Any CPU
		{B48C0E24-EBEB-4AF9-891B-D28BB4A9461E}.Debug|Any CPU.Build.0 = Debug|Any CPU
		{B48C0E24-EBEB-4AF9-891B-D28BB4A9461E}.Release|Any CPU.ActiveCfg = Release|Any CPU
		{B48C0E24-EBEB-4AF9-891B-D28BB4A9461E}.Release|Any CPU.Build.0 = Release|Any CPU
		{23310CB9-1A14-4ED5-BF81-8BD38277FEFE}.Debug|Any CPU.ActiveCfg = Debug|Any CPU
		{23310CB9-1A14-4ED5-BF81-8BD38277FEFE}.Debug|Any CPU.Build.0 = Debug|Any CPU
		{23310CB9-1A14-4ED5-BF81-8BD38277FEFE}.Release|Any CPU.ActiveCfg = Release|Any CPU
		{14823E93-C749-4069-9E0A-95E63DE0B254}.Debug|Any CPU.ActiveCfg = Debug|Any CPU
		{14823E93-C749-4069-9E0A-95E63DE0B254}.Debug|Any CPU.Build.0 = Debug|Any CPU
		{14823E93-C749-4069-9E0A-95E63DE0B254}.Release|Any CPU.ActiveCfg = Release|Any CPU
		{14823E93-C749-4069-9E0A-95E63DE0B254}.Release|Any CPU.Build.0 = Release|Any CPU
		{5E948877-52BD-42B9-95A9-0FF37931D0A5}.Debug|Any CPU.ActiveCfg = Debug|Any CPU
		{5E948877-52BD-42B9-95A9-0FF37931D0A5}.Debug|Any CPU.Build.0 = Debug|Any CPU
		{5E948877-52BD-42B9-95A9-0FF37931D0A5}.Release|Any CPU.ActiveCfg = Release|Any CPU
		{5E948877-52BD-42B9-95A9-0FF37931D0A5}.Release|Any CPU.Build.0 = Release|Any CPU
		{9E572FE2-8C3C-46B2-A314-532F7198B3EB}.Debug|Any CPU.ActiveCfg = Debug|Any CPU
		{9E572FE2-8C3C-46B2-A314-532F7198B3EB}.Debug|Any CPU.Build.0 = Debug|Any CPU
		{9E572FE2-8C3C-46B2-A314-532F7198B3EB}.Release|Any CPU.ActiveCfg = Release|Any CPU
		{9E572FE2-8C3C-46B2-A314-532F7198B3EB}.Release|Any CPU.Build.0 = Release|Any CPU
		{B53587B7-58F6-48A9-B122-69BEA3E2572A}.Debug|Any CPU.ActiveCfg = Debug|Any CPU
		{B53587B7-58F6-48A9-B122-69BEA3E2572A}.Debug|Any CPU.Build.0 = Debug|Any CPU
		{B53587B7-58F6-48A9-B122-69BEA3E2572A}.Release|Any CPU.ActiveCfg = Release|Any CPU
		{B53587B7-58F6-48A9-B122-69BEA3E2572A}.Release|Any CPU.Build.0 = Release|Any CPU
		{E81DC433-3555-4151-BDBC-16368A0FE14E}.Debug|Any CPU.ActiveCfg = Debug|Any CPU
		{E81DC433-3555-4151-BDBC-16368A0FE14E}.Debug|Any CPU.Build.0 = Debug|Any CPU
		{E81DC433-3555-4151-BDBC-16368A0FE14E}.Release|Any CPU.ActiveCfg = Release|Any CPU
		{E81DC433-3555-4151-BDBC-16368A0FE14E}.Release|Any CPU.Build.0 = Release|Any CPU
	EndGlobalSection
	GlobalSection(SolutionProperties) = preSolution
		HideSolutionNode = FALSE
	EndGlobalSection
	GlobalSection(ExtensibilityGlobals) = postSolution
		SolutionGuid = {73201867-1BA9-4F5E-AA69-AFA74662FFFC}
	EndGlobalSection
EndGlobal
