
Microsoft Visual Studio Solution File, Format Version 12.00
# Visual Studio Version 17
VisualStudioVersion = 17.0.31903.59
MinimumVisualStudioVersion = 10.0.40219.1
Project("{9A19103F-16F7-4668-BE54-9A1E7A4F7556}") = "ASC.Web.Studio", "web\ASC.Web.Studio\ASC.Web.Studio.csproj", "{90183112-BCD6-4E16-9CA2-12231930DAB4}"
EndProject
Project("{9A19103F-16F7-4668-BE54-9A1E7A4F7556}") = "ASC.Web.Api", "web\ASC.Web.Api\ASC.Web.Api.csproj", "{4AA9F8E3-2F48-44DA-B6C5-37ED7A4739C1}"
	ProjectSection(ProjectDependencies) = postProject
		{BE4816E7-7CD2-4D9B-ABC6-D9E5C04E3926} = {BE4816E7-7CD2-4D9B-ABC6-D9E5C04E3926}
	EndProjectSection
EndProject
Project("{9A19103F-16F7-4668-BE54-9A1E7A4F7556}") = "ASC.Common", "common\ASC.Common\ASC.Common.csproj", "{EB8F47B3-39DE-4B7D-8EC6-01726368B45D}"
EndProject
Project("{9A19103F-16F7-4668-BE54-9A1E7A4F7556}") = "ASC.Core.Common", "common\ASC.Core.Common\ASC.Core.Common.csproj", "{A51D0454-4AFA-46DE-89D4-B03D37E1816C}"
EndProject
Project("{9A19103F-16F7-4668-BE54-9A1E7A4F7556}") = "ASC.People", "products\ASC.People\Server\ASC.People.csproj", "{BE4816E7-7CD2-4D9B-ABC6-D9E5C04E3926}"
EndProject
Project("{9A19103F-16F7-4668-BE54-9A1E7A4F7556}") = "ASC.Api.Core", "common\ASC.Api.Core\ASC.Api.Core.csproj", "{62C49C91-1A5A-4C0D-A3B3-A9AE8C9718CE}"
EndProject
Project("{9A19103F-16F7-4668-BE54-9A1E7A4F7556}") = "ASC.Data.Storage", "common\ASC.Data.Storage\ASC.Data.Storage.csproj", "{3ABB21D3-D990-4005-9EEF-701A93948C27}"
EndProject
Project("{9A19103F-16F7-4668-BE54-9A1E7A4F7556}") = "ASC.FederatedLogin", "common\ASC.FederatedLogin\ASC.FederatedLogin.csproj", "{481B0D9C-B2F8-4DE9-8597-BA8D24585099}"
EndProject
Project("{9A19103F-16F7-4668-BE54-9A1E7A4F7556}") = "ASC.Web.Core", "web\ASC.Web.Core\ASC.Web.Core.csproj", "{02C40A64-FE22-41D0-9037-69F0D6F787A9}"
EndProject
Project("{9A19103F-16F7-4668-BE54-9A1E7A4F7556}") = "ASC.MessagingSystem", "common\ASC.MessagingSystem\ASC.MessagingSystem.csproj", "{BD8A18A5-60C5-4411-9719-0AA11B4BE0E9}"
EndProject
Project("{9A19103F-16F7-4668-BE54-9A1E7A4F7556}") = "ASC.IPSecurity", "common\ASC.IPSecurity\ASC.IPSecurity.csproj", "{2FF2177F-2D1A-4396-84EB-51F14FD99385}"
EndProject
Project("{9A19103F-16F7-4668-BE54-9A1E7A4F7556}") = "ASC.Feed", "common\ASC.Feed\ASC.Feed.csproj", "{B0431EC9-21D8-4D96-B333-6DD430031C82}"
EndProject
Project("{9A19103F-16F7-4668-BE54-9A1E7A4F7556}") = "ASC.Data.Reassigns", "common\ASC.Data.Reassigns\ASC.Data.Reassigns.csproj", "{104D045A-F9CC-4DD7-B04D-8DA7543435DD}"
EndProject
Project("{9A19103F-16F7-4668-BE54-9A1E7A4F7556}") = "ASC.Notify", "common\services\ASC.Notify\ASC.Notify.csproj", "{8484A675-1C93-4D87-8FF2-7530A5711208}"
EndProject
Project("{9A19103F-16F7-4668-BE54-9A1E7A4F7556}") = "ASC.Studio.Notify", "common\services\ASC.Studio.Notify\ASC.Studio.Notify.csproj", "{E3567AB9-0926-444D-A0D0-A369D5890EAA}"
EndProject
Project("{9A19103F-16F7-4668-BE54-9A1E7A4F7556}") = "ASC.Textile", "common\ASC.Textile\ASC.Textile.csproj", "{C8F410B4-B83B-47B9-9ECD-07590A8750A7}"
EndProject
Project("{9A19103F-16F7-4668-BE54-9A1E7A4F7556}") = "ASC.Notify.Textile", "common\ASC.Notify.Textile\ASC.Notify.Textile.csproj", "{DB50E2EF-B4D8-493A-8568-29CAC0DF9062}"
EndProject
Project("{9A19103F-16F7-4668-BE54-9A1E7A4F7556}") = "ASC.ElasticSearch", "common\services\ASC.ElasticSearch\ASC.ElasticSearch.csproj", "{AE1A0E06-6CD4-4E1D-8209-22BBBD6D5652}"
EndProject
Project("{9A19103F-16F7-4668-BE54-9A1E7A4F7556}") = "ASC.Files", "products\ASC.Files\Server\ASC.Files.csproj", "{77BA2F61-6155-4283-BB39-F8E42F46A0B0}"
EndProject
Project("{9A19103F-16F7-4668-BE54-9A1E7A4F7556}") = "ASC.Files.Service", "products\ASC.Files\Service\ASC.Files.Service.csproj", "{5D41FFFF-816C-40B2-95CD-E2DDDCB83784}"
EndProject
Project("{9A19103F-16F7-4668-BE54-9A1E7A4F7556}") = "ASC.Feed.Aggregator", "common\services\ASC.Feed.Aggregator\ASC.Feed.Aggregator.csproj", "{07CCC11F-76CB-448E-B15A-72E09FBB348B}"
EndProject
Project("{9A19103F-16F7-4668-BE54-9A1E7A4F7556}") = "ASC.Files.Core", "products\ASC.Files\Core\ASC.Files.Core.csproj", "{F0A39728-940D-4DBE-A37A-05D4EB57F342}"
EndProject
Project("{9A19103F-16F7-4668-BE54-9A1E7A4F7556}") = "ASC.TelegramService", "common\services\ASC.TelegramService\ASC.TelegramService.csproj", "{95CE7371-17B6-4EEE-8E38-2FDE6347E955}"
EndProject
Project("{9A19103F-16F7-4668-BE54-9A1E7A4F7556}") = "ASC.AuditTrail", "common\services\ASC.AuditTrail\ASC.AuditTrail.csproj", "{2C111161-B7C5-4869-9F52-EA725E64BA40}"
EndProject
Project("{2150E333-8FDC-42A3-9474-1A3956D46DE8}") = "Solution Items", "Solution Items", "{0E35EB77-EC53-44C2-99EB-3D845C79675D}"
	ProjectSection(SolutionItems) = preProject
		.editorconfig = .editorconfig
	EndProjectSection
EndProject
Project("{9A19103F-16F7-4668-BE54-9A1E7A4F7556}") = "ASC.Data.Encryption", "common\ASC.Data.Encryption\ASC.Data.Encryption.csproj", "{C4DF1A63-C9EB-4D8F-A4E5-4FD9249A5089}"
EndProject
Project("{9A19103F-16F7-4668-BE54-9A1E7A4F7556}") = "ASC.Web.HealthChecks.UI", "web\ASC.Web.HealthChecks.UI\ASC.Web.HealthChecks.UI.csproj", "{0C1A387E-0CD0-4BE8-82FC-9FCAD05BF289}"
EndProject
Project("{9A19103F-16F7-4668-BE54-9A1E7A4F7556}") = "ASC.ClearEvents", "common\services\ASC.ClearEvents\ASC.ClearEvents.csproj", "{448221A8-EABA-4200-9192-E08BF241A487}"
EndProject
Project("{9A19103F-16F7-4668-BE54-9A1E7A4F7556}") = "ASC.Data.Backup.Core", "common\ASC.Data.Backup.Core\ASC.Data.Backup.Core.csproj", "{F5D9DE01-06CD-4881-9F41-46882E9ED45C}"
EndProject
Project("{9A19103F-16F7-4668-BE54-9A1E7A4F7556}") = "ASC.Data.Backup", "common\services\ASC.Data.Backup\ASC.Data.Backup.csproj", "{027EEE53-7491-48F4-B467-6404D68798A7}"
EndProject
Project("{9A19103F-16F7-4668-BE54-9A1E7A4F7556}") = "ASC.Webhooks.Core", "common\ASC.Webhooks.Core\ASC.Webhooks.Core.csproj", "{760BFF3A-1A67-43A1-A94C-78D11A4BB1E6}"
EndProject
Project("{9A19103F-16F7-4668-BE54-9A1E7A4F7556}") = "ASC.Data.Backup.BackgroundTasks", "common\services\ASC.Data.Backup.BackgroundTasks\ASC.Data.Backup.BackgroundTasks.csproj", "{C0C28A02-943C-4A38-B474-A2B49C6201ED}"
EndProject
Project("{9A19103F-16F7-4668-BE54-9A1E7A4F7556}") = "ASC.EventBus", "common\ASC.EventBus\ASC.EventBus.csproj", "{26540DA7-604B-474B-97BA-9CDC85A84B6D}"
EndProject
Project("{9A19103F-16F7-4668-BE54-9A1E7A4F7556}") = "ASC.EventBus.RabbitMQ", "common\ASC.EventBus.RabbitMQ\ASC.EventBus.RabbitMQ.csproj", "{3FACF656-6DED-407E-AC23-A7EF08D704E3}"
EndProject
Project("{9A19103F-16F7-4668-BE54-9A1E7A4F7556}") = "ASC.EventBus.Extensions.Logger", "common\ASC.EventBus.Extensions.Logger\ASC.EventBus.Extensions.Logger.csproj", "{ED8CEB38-7C95-43A8-B208-9C9828654AC1}"
EndProject
Project("{9A19103F-16F7-4668-BE54-9A1E7A4F7556}") = "ASC.Migration", "common\ASC.Migration\ASC.Migration.csproj", "{05B8FF27-446B-49BF-B508-4A4C096D2BB2}"
EndProject
Project("{9A19103F-16F7-4668-BE54-9A1E7A4F7556}") = "ASC.ActiveDirectory", "common\ASC.ActiveDirectory\ASC.ActiveDirectory.csproj", "{9F81862F-303D-467F-8DC9-044BE2CCF329}"
EndProject
Project("{9A19103F-16F7-4668-BE54-9A1E7A4F7556}") = "ASC.EventBus.ActiveMQ", "common\ASC.EventBus.ActiveMQ\ASC.EventBus.ActiveMQ.csproj", "{86916EF2-4A1B-441C-B673-EB0F68EC9C3A}"
EndProject
Project("{9A19103F-16F7-4668-BE54-9A1E7A4F7556}") = "ASC.Data.Storage.Encryption", "common\services\ASC.Data.Storage.Encryption\ASC.Data.Storage.Encryption.csproj", "{76BFD0A6-3F28-4BCE-983B-9FE3FBDD966D}"
EndProject
Project("{9A19103F-16F7-4668-BE54-9A1E7A4F7556}") = "ASC.ApiSystem", "common\services\ASC.ApiSystem\ASC.ApiSystem.csproj", "{EB0FC2DF-D8AC-460B-8FBE-307A7B163C6C}"
EndProject
Project("{9A19103F-16F7-4668-BE54-9A1E7A4F7556}") = "ASC.ApiCache", "common\services\ASC.ApiCache\ASC.ApiCache.csproj", "{AD4F5F31-625C-472D-BE2C-AD1FB693E065}"
EndProject
Global
	GlobalSection(SolutionConfigurationPlatforms) = preSolution
		Debug|Any CPU = Debug|Any CPU
		Release|Any CPU = Release|Any CPU
	EndGlobalSection
	GlobalSection(ProjectConfigurationPlatforms) = postSolution
		{90183112-BCD6-4E16-9CA2-12231930DAB4}.Debug|Any CPU.ActiveCfg = Debug|Any CPU
		{90183112-BCD6-4E16-9CA2-12231930DAB4}.Debug|Any CPU.Build.0 = Debug|Any CPU
		{90183112-BCD6-4E16-9CA2-12231930DAB4}.Release|Any CPU.ActiveCfg = Release|Any CPU
		{90183112-BCD6-4E16-9CA2-12231930DAB4}.Release|Any CPU.Build.0 = Release|Any CPU
		{4AA9F8E3-2F48-44DA-B6C5-37ED7A4739C1}.Debug|Any CPU.ActiveCfg = Debug|Any CPU
		{4AA9F8E3-2F48-44DA-B6C5-37ED7A4739C1}.Debug|Any CPU.Build.0 = Debug|Any CPU
		{4AA9F8E3-2F48-44DA-B6C5-37ED7A4739C1}.Release|Any CPU.ActiveCfg = Release|Any CPU
		{4AA9F8E3-2F48-44DA-B6C5-37ED7A4739C1}.Release|Any CPU.Build.0 = Release|Any CPU
		{EB8F47B3-39DE-4B7D-8EC6-01726368B45D}.Debug|Any CPU.ActiveCfg = Debug|Any CPU
		{EB8F47B3-39DE-4B7D-8EC6-01726368B45D}.Debug|Any CPU.Build.0 = Debug|Any CPU
		{EB8F47B3-39DE-4B7D-8EC6-01726368B45D}.Release|Any CPU.ActiveCfg = Release|Any CPU
		{EB8F47B3-39DE-4B7D-8EC6-01726368B45D}.Release|Any CPU.Build.0 = Release|Any CPU
		{A51D0454-4AFA-46DE-89D4-B03D37E1816C}.Debug|Any CPU.ActiveCfg = Debug|Any CPU
		{A51D0454-4AFA-46DE-89D4-B03D37E1816C}.Debug|Any CPU.Build.0 = Debug|Any CPU
		{A51D0454-4AFA-46DE-89D4-B03D37E1816C}.Release|Any CPU.ActiveCfg = Release|Any CPU
		{A51D0454-4AFA-46DE-89D4-B03D37E1816C}.Release|Any CPU.Build.0 = Release|Any CPU
		{BE4816E7-7CD2-4D9B-ABC6-D9E5C04E3926}.Debug|Any CPU.ActiveCfg = Debug|Any CPU
		{BE4816E7-7CD2-4D9B-ABC6-D9E5C04E3926}.Debug|Any CPU.Build.0 = Debug|Any CPU
		{BE4816E7-7CD2-4D9B-ABC6-D9E5C04E3926}.Release|Any CPU.ActiveCfg = Release|Any CPU
		{BE4816E7-7CD2-4D9B-ABC6-D9E5C04E3926}.Release|Any CPU.Build.0 = Release|Any CPU
		{62C49C91-1A5A-4C0D-A3B3-A9AE8C9718CE}.Debug|Any CPU.ActiveCfg = Debug|Any CPU
		{62C49C91-1A5A-4C0D-A3B3-A9AE8C9718CE}.Debug|Any CPU.Build.0 = Debug|Any CPU
		{62C49C91-1A5A-4C0D-A3B3-A9AE8C9718CE}.Release|Any CPU.ActiveCfg = Release|Any CPU
		{62C49C91-1A5A-4C0D-A3B3-A9AE8C9718CE}.Release|Any CPU.Build.0 = Release|Any CPU
		{3ABB21D3-D990-4005-9EEF-701A93948C27}.Debug|Any CPU.ActiveCfg = Debug|Any CPU
		{3ABB21D3-D990-4005-9EEF-701A93948C27}.Debug|Any CPU.Build.0 = Debug|Any CPU
		{3ABB21D3-D990-4005-9EEF-701A93948C27}.Release|Any CPU.ActiveCfg = Release|Any CPU
		{3ABB21D3-D990-4005-9EEF-701A93948C27}.Release|Any CPU.Build.0 = Release|Any CPU
		{481B0D9C-B2F8-4DE9-8597-BA8D24585099}.Debug|Any CPU.ActiveCfg = Debug|Any CPU
		{481B0D9C-B2F8-4DE9-8597-BA8D24585099}.Debug|Any CPU.Build.0 = Debug|Any CPU
		{481B0D9C-B2F8-4DE9-8597-BA8D24585099}.Release|Any CPU.ActiveCfg = Release|Any CPU
		{481B0D9C-B2F8-4DE9-8597-BA8D24585099}.Release|Any CPU.Build.0 = Release|Any CPU
		{02C40A64-FE22-41D0-9037-69F0D6F787A9}.Debug|Any CPU.ActiveCfg = Debug|Any CPU
		{02C40A64-FE22-41D0-9037-69F0D6F787A9}.Debug|Any CPU.Build.0 = Debug|Any CPU
		{02C40A64-FE22-41D0-9037-69F0D6F787A9}.Release|Any CPU.ActiveCfg = Release|Any CPU
		{02C40A64-FE22-41D0-9037-69F0D6F787A9}.Release|Any CPU.Build.0 = Release|Any CPU
		{BD8A18A5-60C5-4411-9719-0AA11B4BE0E9}.Debug|Any CPU.ActiveCfg = Debug|Any CPU
		{BD8A18A5-60C5-4411-9719-0AA11B4BE0E9}.Debug|Any CPU.Build.0 = Debug|Any CPU
		{BD8A18A5-60C5-4411-9719-0AA11B4BE0E9}.Release|Any CPU.ActiveCfg = Release|Any CPU
		{BD8A18A5-60C5-4411-9719-0AA11B4BE0E9}.Release|Any CPU.Build.0 = Release|Any CPU
		{2FF2177F-2D1A-4396-84EB-51F14FD99385}.Debug|Any CPU.ActiveCfg = Debug|Any CPU
		{2FF2177F-2D1A-4396-84EB-51F14FD99385}.Debug|Any CPU.Build.0 = Debug|Any CPU
		{2FF2177F-2D1A-4396-84EB-51F14FD99385}.Release|Any CPU.ActiveCfg = Release|Any CPU
		{2FF2177F-2D1A-4396-84EB-51F14FD99385}.Release|Any CPU.Build.0 = Release|Any CPU
		{B0431EC9-21D8-4D96-B333-6DD430031C82}.Debug|Any CPU.ActiveCfg = Debug|Any CPU
		{B0431EC9-21D8-4D96-B333-6DD430031C82}.Debug|Any CPU.Build.0 = Debug|Any CPU
		{B0431EC9-21D8-4D96-B333-6DD430031C82}.Release|Any CPU.ActiveCfg = Release|Any CPU
		{B0431EC9-21D8-4D96-B333-6DD430031C82}.Release|Any CPU.Build.0 = Release|Any CPU
		{104D045A-F9CC-4DD7-B04D-8DA7543435DD}.Debug|Any CPU.ActiveCfg = Debug|Any CPU
		{104D045A-F9CC-4DD7-B04D-8DA7543435DD}.Debug|Any CPU.Build.0 = Debug|Any CPU
		{104D045A-F9CC-4DD7-B04D-8DA7543435DD}.Release|Any CPU.ActiveCfg = Release|Any CPU
		{104D045A-F9CC-4DD7-B04D-8DA7543435DD}.Release|Any CPU.Build.0 = Release|Any CPU
		{8484A675-1C93-4D87-8FF2-7530A5711208}.Debug|Any CPU.ActiveCfg = Debug|Any CPU
		{8484A675-1C93-4D87-8FF2-7530A5711208}.Debug|Any CPU.Build.0 = Debug|Any CPU
		{8484A675-1C93-4D87-8FF2-7530A5711208}.Release|Any CPU.ActiveCfg = Release|Any CPU
		{8484A675-1C93-4D87-8FF2-7530A5711208}.Release|Any CPU.Build.0 = Release|Any CPU
		{E3567AB9-0926-444D-A0D0-A369D5890EAA}.Debug|Any CPU.ActiveCfg = Debug|Any CPU
		{E3567AB9-0926-444D-A0D0-A369D5890EAA}.Debug|Any CPU.Build.0 = Debug|Any CPU
		{E3567AB9-0926-444D-A0D0-A369D5890EAA}.Release|Any CPU.ActiveCfg = Release|Any CPU
		{E3567AB9-0926-444D-A0D0-A369D5890EAA}.Release|Any CPU.Build.0 = Release|Any CPU
		{C8F410B4-B83B-47B9-9ECD-07590A8750A7}.Debug|Any CPU.ActiveCfg = Debug|Any CPU
		{C8F410B4-B83B-47B9-9ECD-07590A8750A7}.Debug|Any CPU.Build.0 = Debug|Any CPU
		{C8F410B4-B83B-47B9-9ECD-07590A8750A7}.Release|Any CPU.ActiveCfg = Release|Any CPU
		{C8F410B4-B83B-47B9-9ECD-07590A8750A7}.Release|Any CPU.Build.0 = Release|Any CPU
		{DB50E2EF-B4D8-493A-8568-29CAC0DF9062}.Debug|Any CPU.ActiveCfg = Debug|Any CPU
		{DB50E2EF-B4D8-493A-8568-29CAC0DF9062}.Debug|Any CPU.Build.0 = Debug|Any CPU
		{DB50E2EF-B4D8-493A-8568-29CAC0DF9062}.Release|Any CPU.ActiveCfg = Release|Any CPU
		{DB50E2EF-B4D8-493A-8568-29CAC0DF9062}.Release|Any CPU.Build.0 = Release|Any CPU
		{AE1A0E06-6CD4-4E1D-8209-22BBBD6D5652}.Debug|Any CPU.ActiveCfg = Debug|Any CPU
		{AE1A0E06-6CD4-4E1D-8209-22BBBD6D5652}.Debug|Any CPU.Build.0 = Debug|Any CPU
		{AE1A0E06-6CD4-4E1D-8209-22BBBD6D5652}.Release|Any CPU.ActiveCfg = Release|Any CPU
		{AE1A0E06-6CD4-4E1D-8209-22BBBD6D5652}.Release|Any CPU.Build.0 = Release|Any CPU
		{77BA2F61-6155-4283-BB39-F8E42F46A0B0}.Debug|Any CPU.ActiveCfg = Debug|Any CPU
		{77BA2F61-6155-4283-BB39-F8E42F46A0B0}.Debug|Any CPU.Build.0 = Debug|Any CPU
		{77BA2F61-6155-4283-BB39-F8E42F46A0B0}.Release|Any CPU.ActiveCfg = Release|Any CPU
		{77BA2F61-6155-4283-BB39-F8E42F46A0B0}.Release|Any CPU.Build.0 = Release|Any CPU
		{5D41FFFF-816C-40B2-95CD-E2DDDCB83784}.Debug|Any CPU.ActiveCfg = Debug|Any CPU
		{5D41FFFF-816C-40B2-95CD-E2DDDCB83784}.Debug|Any CPU.Build.0 = Debug|Any CPU
		{5D41FFFF-816C-40B2-95CD-E2DDDCB83784}.Release|Any CPU.ActiveCfg = Release|Any CPU
		{5D41FFFF-816C-40B2-95CD-E2DDDCB83784}.Release|Any CPU.Build.0 = Release|Any CPU
		{07CCC11F-76CB-448E-B15A-72E09FBB348B}.Debug|Any CPU.ActiveCfg = Debug|Any CPU
		{07CCC11F-76CB-448E-B15A-72E09FBB348B}.Debug|Any CPU.Build.0 = Debug|Any CPU
		{07CCC11F-76CB-448E-B15A-72E09FBB348B}.Release|Any CPU.ActiveCfg = Release|Any CPU
		{07CCC11F-76CB-448E-B15A-72E09FBB348B}.Release|Any CPU.Build.0 = Release|Any CPU
		{F0A39728-940D-4DBE-A37A-05D4EB57F342}.Debug|Any CPU.ActiveCfg = Debug|Any CPU
		{F0A39728-940D-4DBE-A37A-05D4EB57F342}.Debug|Any CPU.Build.0 = Debug|Any CPU
		{F0A39728-940D-4DBE-A37A-05D4EB57F342}.Release|Any CPU.ActiveCfg = Release|Any CPU
		{F0A39728-940D-4DBE-A37A-05D4EB57F342}.Release|Any CPU.Build.0 = Release|Any CPU
		{95CE7371-17B6-4EEE-8E38-2FDE6347E955}.Debug|Any CPU.ActiveCfg = Debug|Any CPU
		{95CE7371-17B6-4EEE-8E38-2FDE6347E955}.Debug|Any CPU.Build.0 = Debug|Any CPU
		{95CE7371-17B6-4EEE-8E38-2FDE6347E955}.Release|Any CPU.ActiveCfg = Release|Any CPU
		{95CE7371-17B6-4EEE-8E38-2FDE6347E955}.Release|Any CPU.Build.0 = Release|Any CPU
		{2C111161-B7C5-4869-9F52-EA725E64BA40}.Debug|Any CPU.ActiveCfg = Debug|Any CPU
		{2C111161-B7C5-4869-9F52-EA725E64BA40}.Debug|Any CPU.Build.0 = Debug|Any CPU
		{2C111161-B7C5-4869-9F52-EA725E64BA40}.Release|Any CPU.ActiveCfg = Release|Any CPU
		{2C111161-B7C5-4869-9F52-EA725E64BA40}.Release|Any CPU.Build.0 = Release|Any CPU
		{C4DF1A63-C9EB-4D8F-A4E5-4FD9249A5089}.Debug|Any CPU.ActiveCfg = Debug|Any CPU
		{C4DF1A63-C9EB-4D8F-A4E5-4FD9249A5089}.Debug|Any CPU.Build.0 = Debug|Any CPU
		{C4DF1A63-C9EB-4D8F-A4E5-4FD9249A5089}.Release|Any CPU.ActiveCfg = Release|Any CPU
		{C4DF1A63-C9EB-4D8F-A4E5-4FD9249A5089}.Release|Any CPU.Build.0 = Release|Any CPU
		{0C1A387E-0CD0-4BE8-82FC-9FCAD05BF289}.Debug|Any CPU.ActiveCfg = Debug|Any CPU
		{0C1A387E-0CD0-4BE8-82FC-9FCAD05BF289}.Debug|Any CPU.Build.0 = Debug|Any CPU
		{0C1A387E-0CD0-4BE8-82FC-9FCAD05BF289}.Release|Any CPU.ActiveCfg = Release|Any CPU
		{0C1A387E-0CD0-4BE8-82FC-9FCAD05BF289}.Release|Any CPU.Build.0 = Release|Any CPU
		{448221A8-EABA-4200-9192-E08BF241A487}.Debug|Any CPU.ActiveCfg = Debug|Any CPU
		{448221A8-EABA-4200-9192-E08BF241A487}.Debug|Any CPU.Build.0 = Debug|Any CPU
		{448221A8-EABA-4200-9192-E08BF241A487}.Release|Any CPU.ActiveCfg = Release|Any CPU
		{448221A8-EABA-4200-9192-E08BF241A487}.Release|Any CPU.Build.0 = Release|Any CPU
		{F5D9DE01-06CD-4881-9F41-46882E9ED45C}.Debug|Any CPU.ActiveCfg = Debug|Any CPU
		{F5D9DE01-06CD-4881-9F41-46882E9ED45C}.Debug|Any CPU.Build.0 = Debug|Any CPU
		{F5D9DE01-06CD-4881-9F41-46882E9ED45C}.Release|Any CPU.ActiveCfg = Release|Any CPU
		{F5D9DE01-06CD-4881-9F41-46882E9ED45C}.Release|Any CPU.Build.0 = Release|Any CPU
		{027EEE53-7491-48F4-B467-6404D68798A7}.Debug|Any CPU.ActiveCfg = Debug|Any CPU
		{027EEE53-7491-48F4-B467-6404D68798A7}.Debug|Any CPU.Build.0 = Debug|Any CPU
		{027EEE53-7491-48F4-B467-6404D68798A7}.Release|Any CPU.ActiveCfg = Release|Any CPU
		{027EEE53-7491-48F4-B467-6404D68798A7}.Release|Any CPU.Build.0 = Release|Any CPU
		{760BFF3A-1A67-43A1-A94C-78D11A4BB1E6}.Debug|Any CPU.ActiveCfg = Debug|Any CPU
		{760BFF3A-1A67-43A1-A94C-78D11A4BB1E6}.Debug|Any CPU.Build.0 = Debug|Any CPU
		{760BFF3A-1A67-43A1-A94C-78D11A4BB1E6}.Release|Any CPU.ActiveCfg = Release|Any CPU
		{760BFF3A-1A67-43A1-A94C-78D11A4BB1E6}.Release|Any CPU.Build.0 = Release|Any CPU
		{C0C28A02-943C-4A38-B474-A2B49C6201ED}.Debug|Any CPU.ActiveCfg = Debug|Any CPU
		{C0C28A02-943C-4A38-B474-A2B49C6201ED}.Debug|Any CPU.Build.0 = Debug|Any CPU
		{C0C28A02-943C-4A38-B474-A2B49C6201ED}.Release|Any CPU.ActiveCfg = Release|Any CPU
		{C0C28A02-943C-4A38-B474-A2B49C6201ED}.Release|Any CPU.Build.0 = Release|Any CPU
		{26540DA7-604B-474B-97BA-9CDC85A84B6D}.Debug|Any CPU.ActiveCfg = Debug|Any CPU
		{26540DA7-604B-474B-97BA-9CDC85A84B6D}.Debug|Any CPU.Build.0 = Debug|Any CPU
		{26540DA7-604B-474B-97BA-9CDC85A84B6D}.Release|Any CPU.ActiveCfg = Release|Any CPU
		{26540DA7-604B-474B-97BA-9CDC85A84B6D}.Release|Any CPU.Build.0 = Release|Any CPU
		{3FACF656-6DED-407E-AC23-A7EF08D704E3}.Debug|Any CPU.ActiveCfg = Debug|Any CPU
		{3FACF656-6DED-407E-AC23-A7EF08D704E3}.Debug|Any CPU.Build.0 = Debug|Any CPU
		{3FACF656-6DED-407E-AC23-A7EF08D704E3}.Release|Any CPU.ActiveCfg = Release|Any CPU
		{3FACF656-6DED-407E-AC23-A7EF08D704E3}.Release|Any CPU.Build.0 = Release|Any CPU
		{ED8CEB38-7C95-43A8-B208-9C9828654AC1}.Debug|Any CPU.ActiveCfg = Debug|Any CPU
		{ED8CEB38-7C95-43A8-B208-9C9828654AC1}.Debug|Any CPU.Build.0 = Debug|Any CPU
		{ED8CEB38-7C95-43A8-B208-9C9828654AC1}.Release|Any CPU.ActiveCfg = Release|Any CPU
		{ED8CEB38-7C95-43A8-B208-9C9828654AC1}.Release|Any CPU.Build.0 = Release|Any CPU
		{05B8FF27-446B-49BF-B508-4A4C096D2BB2}.Debug|Any CPU.ActiveCfg = Debug|Any CPU
		{05B8FF27-446B-49BF-B508-4A4C096D2BB2}.Debug|Any CPU.Build.0 = Debug|Any CPU
		{05B8FF27-446B-49BF-B508-4A4C096D2BB2}.Release|Any CPU.ActiveCfg = Release|Any CPU
		{05B8FF27-446B-49BF-B508-4A4C096D2BB2}.Release|Any CPU.Build.0 = Release|Any CPU
		{9F81862F-303D-467F-8DC9-044BE2CCF329}.Debug|Any CPU.ActiveCfg = Debug|Any CPU
		{9F81862F-303D-467F-8DC9-044BE2CCF329}.Debug|Any CPU.Build.0 = Debug|Any CPU
		{9F81862F-303D-467F-8DC9-044BE2CCF329}.Release|Any CPU.ActiveCfg = Release|Any CPU
		{9F81862F-303D-467F-8DC9-044BE2CCF329}.Release|Any CPU.Build.0 = Release|Any CPU
		{86916EF2-4A1B-441C-B673-EB0F68EC9C3A}.Debug|Any CPU.ActiveCfg = Debug|Any CPU
		{86916EF2-4A1B-441C-B673-EB0F68EC9C3A}.Debug|Any CPU.Build.0 = Debug|Any CPU
		{86916EF2-4A1B-441C-B673-EB0F68EC9C3A}.Release|Any CPU.ActiveCfg = Release|Any CPU
		{86916EF2-4A1B-441C-B673-EB0F68EC9C3A}.Release|Any CPU.Build.0 = Release|Any CPU
		{76BFD0A6-3F28-4BCE-983B-9FE3FBDD966D}.Debug|Any CPU.ActiveCfg = Debug|Any CPU
		{76BFD0A6-3F28-4BCE-983B-9FE3FBDD966D}.Debug|Any CPU.Build.0 = Debug|Any CPU
		{76BFD0A6-3F28-4BCE-983B-9FE3FBDD966D}.Release|Any CPU.ActiveCfg = Release|Any CPU
		{76BFD0A6-3F28-4BCE-983B-9FE3FBDD966D}.Release|Any CPU.Build.0 = Release|Any CPU
		{EB0FC2DF-D8AC-460B-8FBE-307A7B163C6C}.Debug|Any CPU.ActiveCfg = Debug|Any CPU
		{EB0FC2DF-D8AC-460B-8FBE-307A7B163C6C}.Debug|Any CPU.Build.0 = Debug|Any CPU
		{EB0FC2DF-D8AC-460B-8FBE-307A7B163C6C}.Release|Any CPU.ActiveCfg = Release|Any CPU
		{EB0FC2DF-D8AC-460B-8FBE-307A7B163C6C}.Release|Any CPU.Build.0 = Release|Any CPU
		{AD4F5F31-625C-472D-BE2C-AD1FB693E065}.Debug|Any CPU.ActiveCfg = Debug|Any CPU
		{AD4F5F31-625C-472D-BE2C-AD1FB693E065}.Debug|Any CPU.Build.0 = Debug|Any CPU
		{AD4F5F31-625C-472D-BE2C-AD1FB693E065}.Release|Any CPU.ActiveCfg = Release|Any CPU
		{AD4F5F31-625C-472D-BE2C-AD1FB693E065}.Release|Any CPU.Build.0 = Release|Any CPU
	EndGlobalSection
	GlobalSection(SolutionProperties) = preSolution
		HideSolutionNode = FALSE
	EndGlobalSection
	GlobalSection(ExtensibilityGlobals) = postSolution
		SolutionGuid = {62783077-E041-40BA-A406-E7EF12CAFF2D}
	EndGlobalSection
EndGlobal
