
Microsoft Visual Studio Solution File, Format Version 12.00
# Visual Studio Version 17
VisualStudioVersion = 17.2.32616.157
MinimumVisualStudioVersion = 10.0.40219.1
Project("{9A19103F-16F7-4668-BE54-9A1E7A4F7556}") = "ASC.Data.Backup.Core", "common\ASC.Data.Backup.Core\ASC.Data.Backup.Core.csproj", "{93D91A49-A397-40FC-90DE-85D8ED774803}"
EndProject
Project("{9A19103F-16F7-4668-BE54-9A1E7A4F7556}") = "ASC.Data.Storage", "common\ASC.Data.Storage\ASC.Data.Storage.csproj", "{582AF3E8-ACA4-49B8-809D-36A586C4307E}"
EndProject
Project("{9A19103F-16F7-4668-BE54-9A1E7A4F7556}") = "ASC.Files.Core", "products\ASC.Files\Core\ASC.Files.Core.csproj", "{03B5483D-2EEF-4A42-83E7-487592434D3B}"
EndProject
Project("{9A19103F-16F7-4668-BE54-9A1E7A4F7556}") = "ASC.EventBus.Extensions.Logger", "common\ASC.EventBus.Extensions.Logger\ASC.EventBus.Extensions.Logger.csproj", "{1E3DF216-A0E6-4078-84A8-4A74A88A6FEF}"
EndProject
Project("{9A19103F-16F7-4668-BE54-9A1E7A4F7556}") = "ASC.Webhooks.Core", "common\ASC.Webhooks.Core\ASC.Webhooks.Core.csproj", "{FD61091C-F0C1-47B3-B442-9B69CEA603DF}"
EndProject
Project("{9A19103F-16F7-4668-BE54-9A1E7A4F7556}") = "ASC.Feed", "common\ASC.Feed\ASC.Feed.csproj", "{71A964E2-0075-46A3-AE58-9F2A78F6A5BB}"
EndProject
Project("{9A19103F-16F7-4668-BE54-9A1E7A4F7556}") = "ASC.Core.Common", "common\ASC.Core.Common\ASC.Core.Common.csproj", "{A51D0454-4AFA-46DE-89D4-B03D37E1816C}"
EndProject
Project("{9A19103F-16F7-4668-BE54-9A1E7A4F7556}") = "ASC.Migration.Creator", "common\Tools\ASC.Migration.Creator\ASC.Migration.Creator.csproj", "{4BECDA03-E5E7-4273-B2D5-65AD3B1D0AF6}"
EndProject
Project("{9A19103F-16F7-4668-BE54-9A1E7A4F7556}") = "ASC.Migrations.Core", "common\Tools\ASC.Migrations.Core\ASC.Migrations.Core.csproj", "{4E971C04-8D1F-4C07-8D6F-C062C114CF7F}"
EndProject
Project("{9A19103F-16F7-4668-BE54-9A1E7A4F7556}") = "ASC.Migration.Runner", "common\Tools\ASC.Migration.Runner\ASC.Migration.Runner.csproj", "{249DC522-AC3B-475C-B77E-52CE0322E686}"
EndProject
Project("{9A19103F-16F7-4668-BE54-9A1E7A4F7556}") = "ASC.ActiveDirectory", "common\ASC.ActiveDirectory\ASC.ActiveDirectory.csproj", "{DD482D67-F700-4C30-9AA6-A2BE7A1079B5}"
EndProject
Project("{9A19103F-16F7-4668-BE54-9A1E7A4F7556}") = "ASC.Migration.PersonalToDocspace", "common\Tools\ASC.MigrationPersonalToDocspace\ASC.Migration.PersonalToDocspace.csproj", "{9493BF4B-46DF-4BE7-AC63-83992B205A00}"
EndProject
Project("{9A19103F-16F7-4668-BE54-9A1E7A4F7556}") = "ASC.Common", "common\ASC.Common\ASC.Common.csproj", "{1C5691B2-4AB1-4D3C-931C-AF7AD9CE8241}"
EndProject
Project("{9A19103F-16F7-4668-BE54-9A1E7A4F7556}") = "ASC.Migrations.MySql.SaaS", "migrations\mysql\SaaS\ASC.Migrations.MySql.SaaS.csproj", "{57A7DD9D-373D-4270-9FF0-986F62B594EF}"
EndProject
Project("{9A19103F-16F7-4668-BE54-9A1E7A4F7556}") = "ASC.Migrations.MySql.Standalone", "migrations\mysql\Standalone\ASC.Migrations.MySql.Standalone.csproj", "{2608185A-415E-4D21-B5F8-A7F9C95DA918}"
EndProject
Project("{9A19103F-16F7-4668-BE54-9A1E7A4F7556}") = "ASC.Migrations.PostgreSql.SaaS", "migrations\postgre\SaaS\ASC.Migrations.PostgreSql.SaaS.csproj", "{50A3CFE6-F7A3-49FB-B801-70E793BC8B5A}"
EndProject
Project("{9A19103F-16F7-4668-BE54-9A1E7A4F7556}") = "ASC.Migrations.PostgreSql.Standalone", "migrations\postgre\Standalone\ASC.Migrations.PostgreSql.Standalone.csproj", "{46AF60C1-EEA6-4C0F-8C02-1B74A8C9720F}"
EndProject
Global
	GlobalSection(SolutionConfigurationPlatforms) = preSolution
		Debug|Any CPU = Debug|Any CPU
		Release|Any CPU = Release|Any CPU
	EndGlobalSection
	GlobalSection(ProjectConfigurationPlatforms) = postSolution
		{93D91A49-A397-40FC-90DE-85D8ED774803}.Debug|Any CPU.ActiveCfg = Debug|Any CPU
		{93D91A49-A397-40FC-90DE-85D8ED774803}.Debug|Any CPU.Build.0 = Debug|Any CPU
		{93D91A49-A397-40FC-90DE-85D8ED774803}.Release|Any CPU.ActiveCfg = Release|Any CPU
		{93D91A49-A397-40FC-90DE-85D8ED774803}.Release|Any CPU.Build.0 = Release|Any CPU
		{582AF3E8-ACA4-49B8-809D-36A586C4307E}.Debug|Any CPU.ActiveCfg = Debug|Any CPU
		{582AF3E8-ACA4-49B8-809D-36A586C4307E}.Debug|Any CPU.Build.0 = Debug|Any CPU
		{582AF3E8-ACA4-49B8-809D-36A586C4307E}.Release|Any CPU.ActiveCfg = Release|Any CPU
		{582AF3E8-ACA4-49B8-809D-36A586C4307E}.Release|Any CPU.Build.0 = Release|Any CPU
		{03B5483D-2EEF-4A42-83E7-487592434D3B}.Debug|Any CPU.ActiveCfg = Debug|Any CPU
		{03B5483D-2EEF-4A42-83E7-487592434D3B}.Debug|Any CPU.Build.0 = Debug|Any CPU
		{03B5483D-2EEF-4A42-83E7-487592434D3B}.Release|Any CPU.ActiveCfg = Release|Any CPU
		{03B5483D-2EEF-4A42-83E7-487592434D3B}.Release|Any CPU.Build.0 = Release|Any CPU
		{1E3DF216-A0E6-4078-84A8-4A74A88A6FEF}.Debug|Any CPU.ActiveCfg = Debug|Any CPU
		{1E3DF216-A0E6-4078-84A8-4A74A88A6FEF}.Debug|Any CPU.Build.0 = Debug|Any CPU
		{1E3DF216-A0E6-4078-84A8-4A74A88A6FEF}.Release|Any CPU.ActiveCfg = Release|Any CPU
		{1E3DF216-A0E6-4078-84A8-4A74A88A6FEF}.Release|Any CPU.Build.0 = Release|Any CPU
		{FD61091C-F0C1-47B3-B442-9B69CEA603DF}.Debug|Any CPU.ActiveCfg = Debug|Any CPU
		{FD61091C-F0C1-47B3-B442-9B69CEA603DF}.Debug|Any CPU.Build.0 = Debug|Any CPU
		{FD61091C-F0C1-47B3-B442-9B69CEA603DF}.Release|Any CPU.ActiveCfg = Release|Any CPU
		{FD61091C-F0C1-47B3-B442-9B69CEA603DF}.Release|Any CPU.Build.0 = Release|Any CPU
		{71A964E2-0075-46A3-AE58-9F2A78F6A5BB}.Debug|Any CPU.ActiveCfg = Debug|Any CPU
		{71A964E2-0075-46A3-AE58-9F2A78F6A5BB}.Debug|Any CPU.Build.0 = Debug|Any CPU
		{71A964E2-0075-46A3-AE58-9F2A78F6A5BB}.Release|Any CPU.ActiveCfg = Release|Any CPU
		{71A964E2-0075-46A3-AE58-9F2A78F6A5BB}.Release|Any CPU.Build.0 = Release|Any CPU
		{A51D0454-4AFA-46DE-89D4-B03D37E1816C}.Debug|Any CPU.ActiveCfg = Debug|Any CPU
		{A51D0454-4AFA-46DE-89D4-B03D37E1816C}.Debug|Any CPU.Build.0 = Debug|Any CPU
		{A51D0454-4AFA-46DE-89D4-B03D37E1816C}.Release|Any CPU.ActiveCfg = Release|Any CPU
		{A51D0454-4AFA-46DE-89D4-B03D37E1816C}.Release|Any CPU.Build.0 = Release|Any CPU
		{4BECDA03-E5E7-4273-B2D5-65AD3B1D0AF6}.Debug|Any CPU.ActiveCfg = Debug|Any CPU
		{4BECDA03-E5E7-4273-B2D5-65AD3B1D0AF6}.Debug|Any CPU.Build.0 = Debug|Any CPU
		{4BECDA03-E5E7-4273-B2D5-65AD3B1D0AF6}.Release|Any CPU.ActiveCfg = Release|Any CPU
		{4BECDA03-E5E7-4273-B2D5-65AD3B1D0AF6}.Release|Any CPU.Build.0 = Release|Any CPU
		{4E971C04-8D1F-4C07-8D6F-C062C114CF7F}.Debug|Any CPU.ActiveCfg = Debug|Any CPU
		{4E971C04-8D1F-4C07-8D6F-C062C114CF7F}.Debug|Any CPU.Build.0 = Debug|Any CPU
		{4E971C04-8D1F-4C07-8D6F-C062C114CF7F}.Release|Any CPU.ActiveCfg = Release|Any CPU
		{4E971C04-8D1F-4C07-8D6F-C062C114CF7F}.Release|Any CPU.Build.0 = Release|Any CPU
		{249DC522-AC3B-475C-B77E-52CE0322E686}.Debug|Any CPU.ActiveCfg = Debug|Any CPU
		{249DC522-AC3B-475C-B77E-52CE0322E686}.Debug|Any CPU.Build.0 = Debug|Any CPU
		{249DC522-AC3B-475C-B77E-52CE0322E686}.Release|Any CPU.ActiveCfg = Release|Any CPU
		{249DC522-AC3B-475C-B77E-52CE0322E686}.Release|Any CPU.Build.0 = Release|Any CPU
		{DD482D67-F700-4C30-9AA6-A2BE7A1079B5}.Debug|Any CPU.ActiveCfg = Debug|Any CPU
		{DD482D67-F700-4C30-9AA6-A2BE7A1079B5}.Debug|Any CPU.Build.0 = Debug|Any CPU
		{DD482D67-F700-4C30-9AA6-A2BE7A1079B5}.Release|Any CPU.ActiveCfg = Release|Any CPU
		{DD482D67-F700-4C30-9AA6-A2BE7A1079B5}.Release|Any CPU.Build.0 = Release|Any CPU
		{9493BF4B-46DF-4BE7-AC63-83992B205A00}.Debug|Any CPU.ActiveCfg = Debug|Any CPU
		{9493BF4B-46DF-4BE7-AC63-83992B205A00}.Debug|Any CPU.Build.0 = Debug|Any CPU
		{9493BF4B-46DF-4BE7-AC63-83992B205A00}.Release|Any CPU.ActiveCfg = Release|Any CPU
		{9493BF4B-46DF-4BE7-AC63-83992B205A00}.Release|Any CPU.Build.0 = Release|Any CPU
		{1C5691B2-4AB1-4D3C-931C-AF7AD9CE8241}.Debug|Any CPU.ActiveCfg = Debug|Any CPU
		{1C5691B2-4AB1-4D3C-931C-AF7AD9CE8241}.Debug|Any CPU.Build.0 = Debug|Any CPU
		{1C5691B2-4AB1-4D3C-931C-AF7AD9CE8241}.Release|Any CPU.ActiveCfg = Release|Any CPU
		{1C5691B2-4AB1-4D3C-931C-AF7AD9CE8241}.Release|Any CPU.Build.0 = Release|Any CPU
		{57A7DD9D-373D-4270-9FF0-986F62B594EF}.Debug|Any CPU.ActiveCfg = Debug|Any CPU
		{57A7DD9D-373D-4270-9FF0-986F62B594EF}.Debug|Any CPU.Build.0 = Debug|Any CPU
		{57A7DD9D-373D-4270-9FF0-986F62B594EF}.Release|Any CPU.ActiveCfg = Release|Any CPU
		{57A7DD9D-373D-4270-9FF0-986F62B594EF}.Release|Any CPU.Build.0 = Release|Any CPU
		{2608185A-415E-4D21-B5F8-A7F9C95DA918}.Debug|Any CPU.ActiveCfg = Debug|Any CPU
		{2608185A-415E-4D21-B5F8-A7F9C95DA918}.Debug|Any CPU.Build.0 = Debug|Any CPU
		{2608185A-415E-4D21-B5F8-A7F9C95DA918}.Release|Any CPU.ActiveCfg = Release|Any CPU
		{2608185A-415E-4D21-B5F8-A7F9C95DA918}.Release|Any CPU.Build.0 = Release|Any CPU
		{50A3CFE6-F7A3-49FB-B801-70E793BC8B5A}.Debug|Any CPU.ActiveCfg = Debug|Any CPU
		{50A3CFE6-F7A3-49FB-B801-70E793BC8B5A}.Debug|Any CPU.Build.0 = Debug|Any CPU
		{50A3CFE6-F7A3-49FB-B801-70E793BC8B5A}.Release|Any CPU.ActiveCfg = Release|Any CPU
		{50A3CFE6-F7A3-49FB-B801-70E793BC8B5A}.Release|Any CPU.Build.0 = Release|Any CPU
		{46AF60C1-EEA6-4C0F-8C02-1B74A8C9720F}.Debug|Any CPU.ActiveCfg = Debug|Any CPU
		{46AF60C1-EEA6-4C0F-8C02-1B74A8C9720F}.Debug|Any CPU.Build.0 = Debug|Any CPU
		{46AF60C1-EEA6-4C0F-8C02-1B74A8C9720F}.Release|Any CPU.ActiveCfg = Release|Any CPU
		{46AF60C1-EEA6-4C0F-8C02-1B74A8C9720F}.Release|Any CPU.Build.0 = Release|Any CPU
	EndGlobalSection
	GlobalSection(SolutionProperties) = preSolution
		HideSolutionNode = FALSE
	EndGlobalSection
	GlobalSection(ExtensibilityGlobals) = postSolution
		SolutionGuid = {933E5EEB-E9B0-4389-B318-11E283E7FCF7}
	EndGlobalSection
EndGlobal
