
Microsoft Visual Studio Solution File, Format Version 12.00
# Visual Studio Version 16
VisualStudioVersion = 16.0.30104.148
MinimumVisualStudioVersion = 10.0.40219.1
Project("{9A19103F-16F7-4668-BE54-9A1E7A4F7556}") = "AppLimit.CloudComputing.SharpBox", "thirdparty\AppLimit.CloudComputing.SharpBox\AppLimit.CloudComputing.SharpBox.csproj", "{2CBD1C65-D521-4160-950D-875B3443174D}"
EndProject
Project("{9A19103F-16F7-4668-BE54-9A1E7A4F7556}") = "Microsoft.Graph.Core", "thirdparty\Microsoft.Graph.Core\Microsoft.Graph.Core.csproj", "{81E1084E-8325-4C99-9566-ECEEC80AFD44}"
EndProject
Project("{9A19103F-16F7-4668-BE54-9A1E7A4F7556}") = "Microsoft.OneDrive.Sdk", "thirdparty\onedrive-sdk-csharp-master\src\OneDriveSdk\Microsoft.OneDrive.Sdk.csproj", "{915C6FCA-E465-49E3-9A47-2700478DB8AB}"
EndProject
Project("{9A19103F-16F7-4668-BE54-9A1E7A4F7556}") = "OpenStack", "thirdparty\openstack.net\src\corelib\OpenStack.csproj", "{CFB645D0-7630-4904-AE7D-5EF3D9BD9E08}"
EndProject
Project("{9A19103F-16F7-4668-BE54-9A1E7A4F7556}") = "Rackspace", "thirdparty\rackspace-net-sdk\src\Rackspace\Rackspace.csproj", "{A6B4463A-518A-4977-B621-2BBDCEA6EA4B}"
EndProject
Project("{9A19103F-16F7-4668-BE54-9A1E7A4F7556}") = "SimpleRestServices.v4.0", "thirdparty\SimpleRestServices\src\SimpleRestServices\SimpleRestServices.v4.0.csproj", "{A2EB7FD6-B1AF-455A-B5FE-04006F01C371}"
EndProject
Project("{9A19103F-16F7-4668-BE54-9A1E7A4F7556}") = "websocket-sharp", "thirdparty\websocket-sharp-master\websocket-sharp\websocket-sharp.csproj", "{EC1AFACB-8640-44E5-8511-A8B4506A4D67}"
EndProject
Global
	GlobalSection(SolutionConfigurationPlatforms) = preSolution
		Debug|Any CPU = Debug|Any CPU
		Release|Any CPU = Release|Any CPU
	EndGlobalSection
	GlobalSection(ProjectConfigurationPlatforms) = postSolution
		{2CBD1C65-D521-4160-950D-875B3443174D}.Debug|Any CPU.ActiveCfg = Debug|Any CPU
		{2CBD1C65-D521-4160-950D-875B3443174D}.Debug|Any CPU.Build.0 = Debug|Any CPU
		{2CBD1C65-D521-4160-950D-875B3443174D}.Release|Any CPU.ActiveCfg = Release|Any CPU
		{2CBD1C65-D521-4160-950D-875B3443174D}.Release|Any CPU.Build.0 = Release|Any CPU
		{81E1084E-8325-4C99-9566-ECEEC80AFD44}.Debug|Any CPU.ActiveCfg = Debug|Any CPU
		{81E1084E-8325-4C99-9566-ECEEC80AFD44}.Debug|Any CPU.Build.0 = Debug|Any CPU
		{81E1084E-8325-4C99-9566-ECEEC80AFD44}.Release|Any CPU.ActiveCfg = Release|Any CPU
		{81E1084E-8325-4C99-9566-ECEEC80AFD44}.Release|Any CPU.Build.0 = Release|Any CPU
		{915C6FCA-E465-49E3-9A47-2700478DB8AB}.Debug|Any CPU.ActiveCfg = Debug|Any CPU
		{915C6FCA-E465-49E3-9A47-2700478DB8AB}.Debug|Any CPU.Build.0 = Debug|Any CPU
		{915C6FCA-E465-49E3-9A47-2700478DB8AB}.Release|Any CPU.ActiveCfg = Release|Any CPU
		{915C6FCA-E465-49E3-9A47-2700478DB8AB}.Release|Any CPU.Build.0 = Release|Any CPU
		{CFB645D0-7630-4904-AE7D-5EF3D9BD9E08}.Debug|Any CPU.ActiveCfg = Debug|Any CPU
		{CFB645D0-7630-4904-AE7D-5EF3D9BD9E08}.Debug|Any CPU.Build.0 = Debug|Any CPU
		{CFB645D0-7630-4904-AE7D-5EF3D9BD9E08}.Release|Any CPU.ActiveCfg = Release|Any CPU
		{CFB645D0-7630-4904-AE7D-5EF3D9BD9E08}.Release|Any CPU.Build.0 = Release|Any CPU
		{A6B4463A-518A-4977-B621-2BBDCEA6EA4B}.Debug|Any CPU.ActiveCfg = Debug|Any CPU
		{A6B4463A-518A-4977-B621-2BBDCEA6EA4B}.Debug|Any CPU.Build.0 = Debug|Any CPU
		{A6B4463A-518A-4977-B621-2BBDCEA6EA4B}.Release|Any CPU.ActiveCfg = Release|Any CPU
		{A6B4463A-518A-4977-B621-2BBDCEA6EA4B}.Release|Any CPU.Build.0 = Release|Any CPU
		{A2EB7FD6-B1AF-455A-B5FE-04006F01C371}.Debug|Any CPU.ActiveCfg = Debug|Any CPU
		{A2EB7FD6-B1AF-455A-B5FE-04006F01C371}.Debug|Any CPU.Build.0 = Debug|Any CPU
		{A2EB7FD6-B1AF-455A-B5FE-04006F01C371}.Release|Any CPU.ActiveCfg = Release|Any CPU
		{A2EB7FD6-B1AF-455A-B5FE-04006F01C371}.Release|Any CPU.Build.0 = Release|Any CPU
		{EC1AFACB-8640-44E5-8511-A8B4506A4D67}.Debug|Any CPU.ActiveCfg = Debug|Any CPU
		{EC1AFACB-8640-44E5-8511-A8B4506A4D67}.Debug|Any CPU.Build.0 = Debug|Any CPU
		{EC1AFACB-8640-44E5-8511-A8B4506A4D67}.Release|Any CPU.ActiveCfg = Release|Any CPU
		{EC1AFACB-8640-44E5-8511-A8B4506A4D67}.Release|Any CPU.Build.0 = Release|Any CPU
	EndGlobalSection
	GlobalSection(SolutionProperties) = preSolution
		HideSolutionNode = FALSE
	EndGlobalSection
	GlobalSection(ExtensibilityGlobals) = postSolution
		SolutionGuid = {97CB107C-6CBC-4C10-8ED4-5C8AEF2C8913}
	EndGlobalSection
EndGlobal
