
Microsoft Visual Studio Solution File, Format Version 12.00
# Visual Studio Version 17
VisualStudioVersion = 17.2.32602.215
MinimumVisualStudioVersion = 10.0.40219.1
Project("{9A19103F-16F7-4668-BE54-9A1E7A4F7556}") = "ASC.Resource.Manager", "ASC.Resource.Manager.csproj", "{D93E320F-84CC-4BBF-ADBA-9080EDCB3977}"
EndProject
Project("{9A19103F-16F7-4668-BE54-9A1E7A4F7556}") = "ASC.Common", "..\ASC.Common\ASC.Common.csproj", "{0EAD2A16-007A-4436-86AA-FE8765595251}"
EndProject
Project("{9A19103F-16F7-4668-BE54-9A1E7A4F7556}") = "ASC.Core.Common", "..\ASC.Core.Common\ASC.Core.Common.csproj", "{A51D0454-4AFA-46DE-89D4-B03D37E1816C}"
EndProject
Global
	GlobalSection(SolutionConfigurationPlatforms) = preSolution
		Debug|Any CPU = Debug|Any CPU
		Release|Any CPU = Release|Any CPU
	EndGlobalSection
	GlobalSection(ProjectConfigurationPlatforms) = postSolution
		{D93E320F-84CC-4BBF-ADBA-9080EDCB3977}.Debug|Any CPU.ActiveCfg = Debug|Any CPU
		{D93E320F-84CC-4BBF-ADBA-9080EDCB3977}.Debug|Any CPU.Build.0 = Debug|Any CPU
		{D93E320F-84CC-4BBF-ADBA-9080EDCB3977}.Release|Any CPU.ActiveCfg = Release|Any CPU
		{D93E320F-84CC-4BBF-ADBA-9080EDCB3977}.Release|Any CPU.Build.0 = Release|Any CPU
		{0EAD2A16-007A-4436-86AA-FE8765595251}.Debug|Any CPU.ActiveCfg = Debug|Any CPU
		{0EAD2A16-007A-4436-86AA-FE8765595251}.Debug|Any CPU.Build.0 = Debug|Any CPU
		{0EAD2A16-007A-4436-86AA-FE8765595251}.Release|Any CPU.ActiveCfg = Release|Any CPU
		{0EAD2A16-007A-4436-86AA-FE8765595251}.Release|Any CPU.Build.0 = Release|Any CPU
		{A51D0454-4AFA-46DE-89D4-B03D37E1816C}.Debug|Any CPU.ActiveCfg = Debug|Any CPU
		{A51D0454-4AFA-46DE-89D4-B03D37E1816C}.Debug|Any CPU.Build.0 = Debug|Any CPU
		{A51D0454-4AFA-46DE-89D4-B03D37E1816C}.Release|Any CPU.ActiveCfg = Release|Any CPU
		{A51D0454-4AFA-46DE-89D4-B03D37E1816C}.Release|Any CPU.Build.0 = Release|Any CPU
	EndGlobalSection
	GlobalSection(SolutionProperties) = preSolution
		HideSolutionNode = FALSE
	EndGlobalSection
	GlobalSection(ExtensibilityGlobals) = postSolution
		SolutionGuid = {0B628745-1B07-417E-AD27-F6CCE4A32C8A}
	EndGlobalSection
EndGlobal
