
Microsoft Visual Studio Solution File, Format Version 12.00
# Visual Studio Version 17
VisualStudioVersion = 17.0.32112.339
MinimumVisualStudioVersion = 10.0.40219.1
Project("{9A19103F-16F7-4668-BE54-9A1E7A4F7556}") = "Frontend.Translations.Tests", "Frontend.Translations.Tests.csproj", "{FFE0FBAD-0966-4B98-BCFF-7EA864ED8D67}"
EndProject
Global
	GlobalSection(SolutionConfigurationPlatforms) = preSolution
		Debug|Any CPU = Debug|Any CPU
		Release|Any CPU = Release|Any CPU
		SORT|Any CPU = SORT|Any CPU
	EndGlobalSection
	GlobalSection(ProjectConfigurationPlatforms) = postSolution
		{FFE0FBAD-0966-4B98-BCFF-7EA864ED8D67}.Debug|Any CPU.ActiveCfg = Debug|Any CPU
		{FFE0FBAD-0966-4B98-BCFF-7EA864ED8D67}.Debug|Any CPU.Build.0 = Debug|Any CPU
		{FFE0FBAD-0966-4B98-BCFF-7EA864ED8D67}.Release|Any CPU.ActiveCfg = Release|Any CPU
		{FFE0FBAD-0966-4B98-BCFF-7EA864ED8D67}.Release|Any CPU.Build.0 = Release|Any CPU
		{FFE0FBAD-0966-4B98-BCFF-7EA864ED8D67}.SORT|Any CPU.ActiveCfg = SORT|Any CPU
		{FFE0FBAD-0966-4B98-BCFF-7EA864ED8D67}.SORT|Any CPU.Build.0 = SORT|Any CPU
	EndGlobalSection
	GlobalSection(SolutionProperties) = preSolution
		HideSolutionNode = FALSE
	EndGlobalSection
	GlobalSection(ExtensibilityGlobals) = postSolution
		SolutionGuid = {86563A13-5FBD-44CB-A4E1-BD75499D9CEA}
	EndGlobalSection
EndGlobal
