
Microsoft Visual Studio Solution File, Format Version 12.00
# Visual Studio 2012
Project("{FAE04EC0-301F-11D3-BF4B-00C04F79EFBC}") = "ASC.Data.Reassigns", "ASC.Data.Reassigns.csproj", "{104D045A-F9CC-4DD7-B04D-8DA7543435DD}"
EndProject
Project("{FAE04EC0-301F-11D3-BF4B-00C04F79EFBC}") = "ASC.Web.People", "..\..\web\studio\ASC.Web.Studio\Products\People\ASC.Web.People.csproj", "{7EA1E14F-FC71-48A7-9786-1FB0CD9EC1CD}"
EndProject
Project("{FAE04EC0-301F-11D3-BF4B-00C04F79EFBC}") = "ASC.Api.Employee", "..\ASC.Api\ASC.Employee\ASC.Api.Employee.csproj", "{32ADBD01-6262-48D7-A69B-0515B03DB90E}"
EndProject
Global
	GlobalSection(SolutionConfigurationPlatforms) = preSolution
		Debug|Any CPU = Debug|Any CPU
		Release|Any CPU = Release|Any CPU
	EndGlobalSection
	GlobalSection(ProjectConfigurationPlatforms) = postSolution
		{104D045A-F9CC-4DD7-B04D-8DA7543435DD}.Debug|Any CPU.ActiveCfg = Debug|Any CPU
		{104D045A-F9CC-4DD7-B04D-8DA7543435DD}.Debug|Any CPU.Build.0 = Debug|Any CPU
		{104D045A-F9CC-4DD7-B04D-8DA7543435DD}.Release|Any CPU.ActiveCfg = Release|Any CPU
		{104D045A-F9CC-4DD7-B04D-8DA7543435DD}.Release|Any CPU.Build.0 = Release|Any CPU
		{7EA1E14F-FC71-48A7-9786-1FB0CD9EC1CD}.Debug|Any CPU.ActiveCfg = Debug|Any CPU
		{7EA1E14F-FC71-48A7-9786-1FB0CD9EC1CD}.Debug|Any CPU.Build.0 = Debug|Any CPU
		{7EA1E14F-FC71-48A7-9786-1FB0CD9EC1CD}.Release|Any CPU.ActiveCfg = Release|Any CPU
		{7EA1E14F-FC71-48A7-9786-1FB0CD9EC1CD}.Release|Any CPU.Build.0 = Release|Any CPU
		{32ADBD01-6262-48D7-A69B-0515B03DB90E}.Debug|Any CPU.ActiveCfg = Debug|Any CPU
		{32ADBD01-6262-48D7-A69B-0515B03DB90E}.Debug|Any CPU.Build.0 = Debug|Any CPU
		{32ADBD01-6262-48D7-A69B-0515B03DB90E}.Release|Any CPU.ActiveCfg = Release|Any CPU
		{32ADBD01-6262-48D7-A69B-0515B03DB90E}.Release|Any CPU.Build.0 = Release|Any CPU
	EndGlobalSection
	GlobalSection(SolutionProperties) = preSolution
		HideSolutionNode = FALSE
	EndGlobalSection
EndGlobal
