# This file is generated by running "yarn install" inside your project.
# Manual changes might be lost - proceed with caution!

__metadata:
  version: 6
  cacheKey: 8

"DocSpace-scripts@workspace:.":
  version: 0.0.0-use.local
  resolution: "DocSpace-scripts@workspace:."
  dependencies:
    crypto: ^1.0.1
    crypto-js: ^4.1.1
  languageName: unknown
  linkType: soft

"crypto-js@npm:^4.1.1":
  version: 4.1.1
  resolution: "crypto-js@npm:4.1.1"
  checksum: b3747c12ee3a7632fab3b3e171ea50f78b182545f0714f6d3e7e2858385f0f4101a15f2517e033802ce9d12ba50a391575ff4638c9de3dd9b2c4bc47768d5425
  languageName: node
  linkType: hard

"crypto@npm:^1.0.1":
  version: 1.0.1
  resolution: "crypto@npm:1.0.1"
  checksum: 087fe3165bd94c333a49e6ed66a0193911f63eac38a24f379b3001a5fe260a59c413646e53a0f67875ba13902b2686d81dc703cb2c147a4ec727dcdc04e5645e
  languageName: node
  linkType: hard
